
Microsoft Visual Studio Solution File, Format Version 12.00
# Visual Studio Version 17
VisualStudioVersion = 17.6.33723.286
MinimumVisualStudioVersion = 10.0.40219.1
Project("{9A19103F-16F7-4668-BE54-9A1E7A4F7556}") = "E01.ComputerStore", "E01.ComputerStore\E01.ComputerStore.csproj", "{60316C9D-69B2-4790-A610-F0EF54E34605}"
EndProject
Project("{9A19103F-16F7-4668-BE54-9A1E7A4F7556}") = "E02.TheLift", "E02.TheLift\E02.TheLift.csproj", "{9A3E61B3-D585-408C-84A6-68853DF573EA}"
EndProject
Project("{9A19103F-16F7-4668-BE54-9A1E7A4F7556}") = "E03.MemoryGame", "E03.MemoryGame\E03.MemoryGame.csproj", "{E09D8D56-F2DB-4E9B-ACB3-6B35AEB04719}"
EndProject
Project("{9A19103F-16F7-4668-BE54-9A1E7A4F7556}") = "E01.SoftUniReception", "E01.SoftUniReception\E01.SoftUniReception.csproj", "{8375B544-CE9B-4B1C-94FD-A36F38D0ED36}"
EndProject
Project("{9A19103F-16F7-4668-BE54-9A1E7A4F7556}") = "E02.ArrayModifier", "E02.ArrayModifier\E02.ArrayModifier.csproj", "{124C7539-E029-4B82-9974-69A099F56BF9}"
EndProject
Project("{9A19103F-16F7-4668-BE54-9A1E7A4F7556}") = "E03.Numbers", "E03.Numbers\E03.Numbers.csproj", "{C1EDADBC-7094-423E-85A8-D7C12E04D4A6}"
EndProject
Project("{9A19103F-16F7-4668-BE54-9A1E7A4F7556}") = "E01.CounterStrike", "E01CounterStrike\E01.CounterStrike.csproj", "{A1B13C3A-DF89-4459-AF2A-C4D0280743E1}"
EndProject
Project("{9A19103F-16F7-4668-BE54-9A1E7A4F7556}") = "E02.ShootForTheWin", "E02.ShootForTheWin\E02.ShootForTheWin.csproj", "{36AC8D4E-4B66-4E38-8077-1A7F7CABBAA2}"
EndProject
Project("{9A19103F-16F7-4668-BE54-9A1E7A4F7556}") = "E03.MovingTarget", "E03.MovingTarget\E03.MovingTarget.csproj", "{AF3F81C2-3301-4626-B368-65F2F1E859A2}"
EndProject
Project("{9A19103F-16F7-4668-BE54-9A1E7A4F7556}") = "E01.GuineaPig", "E01.GuineaPig\E01.GuineaPig.csproj", "{FF313E08-F227-4F53-ADCF-118301646FE9}"
EndProject
Project("{9A19103F-16F7-4668-BE54-9A1E7A4F7556}") = "E02.ShoppingList", "E02.ShoppingList\E02.ShoppingList.csproj", "{C229F4C8-91D6-4C88-B9F5-1F9AF669972B}"
EndProject
Project("{9A19103F-16F7-4668-BE54-9A1E7A4F7556}") = "E03.HeartDelivery", "E03.HeartDelivery\E03.HeartDelivery.csproj", "{2C467E4C-D599-4E91-8FD2-D0C06C96CAC7}"
EndProject
Project("{9A19103F-16F7-4668-BE54-9A1E7A4F7556}") = "E01.BonusScoringSystem", "E01.BonusScoringSystem\E01.BonusScoringSystem.csproj", "{4266135F-59CC-40C1-A29A-1D06784F03AC}"
EndProject
Project("{9A19103F-16F7-4668-BE54-9A1E7A4F7556}") = "E02.MuOnline", "E02.MuOnline\E02.MuOnline.csproj", "{28E6CC89-31CB-4BD2-B8B5-52B66B658FB7}"
EndProject
Project("{9A19103F-16F7-4668-BE54-9A1E7A4F7556}") = "E03.Inventory", "E03.Inventory\E03.Inventory.csproj", "{6B690EDF-F50A-4C6E-A148-5297A8247A47}"
EndProject
Project("{9A19103F-16F7-4668-BE54-9A1E7A4F7556}") = "E01.BlackFlag", "E01.BlackFlag\E01.BlackFlag.csproj", "{E8E9CF7F-EE03-4212-80B3-B2968C33814F}"
EndProject
Project("{9A19103F-16F7-4668-BE54-9A1E7A4F7556}") = "E02.TreasureHunt", "E02.TreasureHunt\E02.TreasureHunt.csproj", "{17C29449-28CA-4C41-8B74-6C3D3C3323D5}"
EndProject
Project("{9A19103F-16F7-4668-BE54-9A1E7A4F7556}") = "E03.ManOWar", "E03.ManOWar\E03.ManOWar.csproj", "{58A479F5-2F4F-4A67-8231-14F1AE27DBF5}"
EndProject
Project("{9A19103F-16F7-4668-BE54-9A1E7A4F7556}") = "E01.TheBiscuitFactory", "E01.TheBiscuitFactory\E01.TheBiscuitFactory.csproj", "{645BF6E8-97FE-4403-9A3F-F87880BABC91}"
EndProject
Project("{9A19103F-16F7-4668-BE54-9A1E7A4F7556}") = "E01.TheBiscuitFactoryNet6", "E01.TheBiscuitFactoryNet6\E01.TheBiscuitFactoryNet6.csproj", "{19F76FF5-EB73-4B3E-9317-DC6AA22C480F}"
EndProject
Project("{9A19103F-16F7-4668-BE54-9A1E7A4F7556}") = "E02.FriendListMaintenance", "E02.FriendListMaintenance\E02.FriendListMaintenance.csproj", "{678F90F2-09B6-4F0E-AF92-E6C691514675}"
EndProject
Project("{9A19103F-16F7-4668-BE54-9A1E7A4F7556}") = "E03.PhoneShop", "E03.PhoneShop\E03.PhoneShop.csproj", "{2796E84F-44C6-45B3-BFB3-5F0949C9F999}"
EndProject
Project("{9A19103F-16F7-4668-BE54-9A1E7A4F7556}") = "E01.ActivationKeys", "E01.ActivationKeys\E01.ActivationKeys.csproj", "{49D260EB-5D88-4EDC-AE1C-EA60D7E61E87}"
EndProject
Project("{9A19103F-16F7-4668-BE54-9A1E7A4F7556}") = "E03.Pirates", "E03.Pirates\E03.Pirates.csproj", "{BA7783EE-5303-4029-B81A-FCAC8D528377}"
EndProject
Project("{9A19103F-16F7-4668-BE54-9A1E7A4F7556}") = "E01.PasswordReset", "E01.PasswordReset\E01.PasswordReset.csproj", "{C70385A6-B8F5-4A75-A1C8-9FF5DC0F8882}"
EndProject
Project("{9A19103F-16F7-4668-BE54-9A1E7A4F7556}") = "E03.HeroesOfCodeAndLogicVII", "E03.HeroesOfCodeAndLogicVII\E03.HeroesOfCodeAndLogicVII.csproj", "{BC01417C-DE5B-4D00-B477-FD837FDDE3EA}"
EndProject
Project("{9A19103F-16F7-4668-BE54-9A1E7A4F7556}") = "E01.SecretChat", "E01.SecretChat\E01.SecretChat.csproj", "{3DD60E28-E138-476F-AA2B-22A1C955E5FB}"
EndProject
Project("{9A19103F-16F7-4668-BE54-9A1E7A4F7556}") = "E03.NeedForSpeedIII", "E03.NeedForSpeedIII\E03.NeedForSpeedIII.csproj", "{89E6339E-980F-457E-ABDC-A525954205E9}"
EndProject
Project("{9A19103F-16F7-4668-BE54-9A1E7A4F7556}") = "E01.WorldTour", "E01.WorldTour\E01.WorldTour.csproj", "{BD6A2932-7516-4D14-8F89-0FF69C910733}"
EndProject
Project("{9A19103F-16F7-4668-BE54-9A1E7A4F7556}") = "E03.PlantDiscovery", "E03.PlantDiscovery\E03.PlantDiscovery.csproj", "{B704B20B-6C1D-43A8-99E0-37E499A29E1E}"
EndProject
Project("{9A19103F-16F7-4668-BE54-9A1E7A4F7556}") = "E01.TheImitationGame", "E01.TheImitationGame\E01.TheImitationGame.csproj", "{BE9615AD-41A7-467F-9BCD-191A8CFF4CE6}"
EndProject
Project("{9A19103F-16F7-4668-BE54-9A1E7A4F7556}") = "E03.ThePianist", "E03.ThePianist\E03.ThePianist.csproj", "{EA9CFA7F-CB01-4346-96B4-8579B0A7AE07}"
EndProject
Project("{FAE04EC0-301F-11D3-BF4B-00C04F79EFBC}") = "E02.AdAstra", "E02.AdAstra\E02.AdAstra.csproj", "{DDC913BF-83AA-4DCD-98E4-EDCD6CFB7FA8}"
EndProject
Global
	GlobalSection(SolutionConfigurationPlatforms) = preSolution
		Debug|Any CPU = Debug|Any CPU
		Release|Any CPU = Release|Any CPU
	EndGlobalSection
	GlobalSection(ProjectConfigurationPlatforms) = postSolution
		{60316C9D-69B2-4790-A610-F0EF54E34605}.Debug|Any CPU.ActiveCfg = Debug|Any CPU
		{60316C9D-69B2-4790-A610-F0EF54E34605}.Debug|Any CPU.Build.0 = Debug|Any CPU
		{60316C9D-69B2-4790-A610-F0EF54E34605}.Release|Any CPU.ActiveCfg = Release|Any CPU
		{60316C9D-69B2-4790-A610-F0EF54E34605}.Release|Any CPU.Build.0 = Release|Any CPU
		{9A3E61B3-D585-408C-84A6-68853DF573EA}.Debug|Any CPU.ActiveCfg = Debug|Any CPU
		{9A3E61B3-D585-408C-84A6-68853DF573EA}.Debug|Any CPU.Build.0 = Debug|Any CPU
		{9A3E61B3-D585-408C-84A6-68853DF573EA}.Release|Any CPU.ActiveCfg = Release|Any CPU
		{9A3E61B3-D585-408C-84A6-68853DF573EA}.Release|Any CPU.Build.0 = Release|Any CPU
		{E09D8D56-F2DB-4E9B-ACB3-6B35AEB04719}.Debug|Any CPU.ActiveCfg = Debug|Any CPU
		{E09D8D56-F2DB-4E9B-ACB3-6B35AEB04719}.Debug|Any CPU.Build.0 = Debug|Any CPU
		{E09D8D56-F2DB-4E9B-ACB3-6B35AEB04719}.Release|Any CPU.ActiveCfg = Release|Any CPU
		{E09D8D56-F2DB-4E9B-ACB3-6B35AEB04719}.Release|Any CPU.Build.0 = Release|Any CPU
		{8375B544-CE9B-4B1C-94FD-A36F38D0ED36}.Debug|Any CPU.ActiveCfg = Debug|Any CPU
		{8375B544-CE9B-4B1C-94FD-A36F38D0ED36}.Debug|Any CPU.Build.0 = Debug|Any CPU
		{8375B544-CE9B-4B1C-94FD-A36F38D0ED36}.Release|Any CPU.ActiveCfg = Release|Any CPU
		{8375B544-CE9B-4B1C-94FD-A36F38D0ED36}.Release|Any CPU.Build.0 = Release|Any CPU
		{124C7539-E029-4B82-9974-69A099F56BF9}.Debug|Any CPU.ActiveCfg = Debug|Any CPU
		{124C7539-E029-4B82-9974-69A099F56BF9}.Debug|Any CPU.Build.0 = Debug|Any CPU
		{124C7539-E029-4B82-9974-69A099F56BF9}.Release|Any CPU.ActiveCfg = Release|Any CPU
		{124C7539-E029-4B82-9974-69A099F56BF9}.Release|Any CPU.Build.0 = Release|Any CPU
		{C1EDADBC-7094-423E-85A8-D7C12E04D4A6}.Debug|Any CPU.ActiveCfg = Debug|Any CPU
		{C1EDADBC-7094-423E-85A8-D7C12E04D4A6}.Debug|Any CPU.Build.0 = Debug|Any CPU
		{C1EDADBC-7094-423E-85A8-D7C12E04D4A6}.Release|Any CPU.ActiveCfg = Release|Any CPU
		{C1EDADBC-7094-423E-85A8-D7C12E04D4A6}.Release|Any CPU.Build.0 = Release|Any CPU
		{A1B13C3A-DF89-4459-AF2A-C4D0280743E1}.Debug|Any CPU.ActiveCfg = Debug|Any CPU
		{A1B13C3A-DF89-4459-AF2A-C4D0280743E1}.Debug|Any CPU.Build.0 = Debug|Any CPU
		{A1B13C3A-DF89-4459-AF2A-C4D0280743E1}.Release|Any CPU.ActiveCfg = Release|Any CPU
		{A1B13C3A-DF89-4459-AF2A-C4D0280743E1}.Release|Any CPU.Build.0 = Release|Any CPU
		{36AC8D4E-4B66-4E38-8077-1A7F7CABBAA2}.Debug|Any CPU.ActiveCfg = Debug|Any CPU
		{36AC8D4E-4B66-4E38-8077-1A7F7CABBAA2}.Debug|Any CPU.Build.0 = Debug|Any CPU
		{36AC8D4E-4B66-4E38-8077-1A7F7CABBAA2}.Release|Any CPU.ActiveCfg = Release|Any CPU
		{36AC8D4E-4B66-4E38-8077-1A7F7CABBAA2}.Release|Any CPU.Build.0 = Release|Any CPU
		{AF3F81C2-3301-4626-B368-65F2F1E859A2}.Debug|Any CPU.ActiveCfg = Debug|Any CPU
		{AF3F81C2-3301-4626-B368-65F2F1E859A2}.Debug|Any CPU.Build.0 = Debug|Any CPU
		{AF3F81C2-3301-4626-B368-65F2F1E859A2}.Release|Any CPU.ActiveCfg = Release|Any CPU
		{AF3F81C2-3301-4626-B368-65F2F1E859A2}.Release|Any CPU.Build.0 = Release|Any CPU
		{FF313E08-F227-4F53-ADCF-118301646FE9}.Debug|Any CPU.ActiveCfg = Debug|Any CPU
		{FF313E08-F227-4F53-ADCF-118301646FE9}.Debug|Any CPU.Build.0 = Debug|Any CPU
		{FF313E08-F227-4F53-ADCF-118301646FE9}.Release|Any CPU.ActiveCfg = Release|Any CPU
		{FF313E08-F227-4F53-ADCF-118301646FE9}.Release|Any CPU.Build.0 = Release|Any CPU
		{C229F4C8-91D6-4C88-B9F5-1F9AF669972B}.Debug|Any CPU.ActiveCfg = Debug|Any CPU
		{C229F4C8-91D6-4C88-B9F5-1F9AF669972B}.Debug|Any CPU.Build.0 = Debug|Any CPU
		{C229F4C8-91D6-4C88-B9F5-1F9AF669972B}.Release|Any CPU.ActiveCfg = Release|Any CPU
		{C229F4C8-91D6-4C88-B9F5-1F9AF669972B}.Release|Any CPU.Build.0 = Release|Any CPU
		{2C467E4C-D599-4E91-8FD2-D0C06C96CAC7}.Debug|Any CPU.ActiveCfg = Debug|Any CPU
		{2C467E4C-D599-4E91-8FD2-D0C06C96CAC7}.Debug|Any CPU.Build.0 = Debug|Any CPU
		{2C467E4C-D599-4E91-8FD2-D0C06C96CAC7}.Release|Any CPU.ActiveCfg = Release|Any CPU
		{2C467E4C-D599-4E91-8FD2-D0C06C96CAC7}.Release|Any CPU.Build.0 = Release|Any CPU
		{4266135F-59CC-40C1-A29A-1D06784F03AC}.Debug|Any CPU.ActiveCfg = Debug|Any CPU
		{4266135F-59CC-40C1-A29A-1D06784F03AC}.Debug|Any CPU.Build.0 = Debug|Any CPU
		{4266135F-59CC-40C1-A29A-1D06784F03AC}.Release|Any CPU.ActiveCfg = Release|Any CPU
		{4266135F-59CC-40C1-A29A-1D06784F03AC}.Release|Any CPU.Build.0 = Release|Any CPU
		{28E6CC89-31CB-4BD2-B8B5-52B66B658FB7}.Debug|Any CPU.ActiveCfg = Debug|Any CPU
		{28E6CC89-31CB-4BD2-B8B5-52B66B658FB7}.Debug|Any CPU.Build.0 = Debug|Any CPU
		{28E6CC89-31CB-4BD2-B8B5-52B66B658FB7}.Release|Any CPU.ActiveCfg = Release|Any CPU
		{28E6CC89-31CB-4BD2-B8B5-52B66B658FB7}.Release|Any CPU.Build.0 = Release|Any CPU
		{6B690EDF-F50A-4C6E-A148-5297A8247A47}.Debug|Any CPU.ActiveCfg = Debug|Any CPU
		{6B690EDF-F50A-4C6E-A148-5297A8247A47}.Debug|Any CPU.Build.0 = Debug|Any CPU
		{6B690EDF-F50A-4C6E-A148-5297A8247A47}.Release|Any CPU.ActiveCfg = Release|Any CPU
		{6B690EDF-F50A-4C6E-A148-5297A8247A47}.Release|Any CPU.Build.0 = Release|Any CPU
		{E8E9CF7F-EE03-4212-80B3-B2968C33814F}.Debug|Any CPU.ActiveCfg = Debug|Any CPU
		{E8E9CF7F-EE03-4212-80B3-B2968C33814F}.Debug|Any CPU.Build.0 = Debug|Any CPU
		{E8E9CF7F-EE03-4212-80B3-B2968C33814F}.Release|Any CPU.ActiveCfg = Release|Any CPU
		{E8E9CF7F-EE03-4212-80B3-B2968C33814F}.Release|Any CPU.Build.0 = Release|Any CPU
		{17C29449-28CA-4C41-8B74-6C3D3C3323D5}.Debug|Any CPU.ActiveCfg = Debug|Any CPU
		{17C29449-28CA-4C41-8B74-6C3D3C3323D5}.Debug|Any CPU.Build.0 = Debug|Any CPU
		{17C29449-28CA-4C41-8B74-6C3D3C3323D5}.Release|Any CPU.ActiveCfg = Release|Any CPU
		{17C29449-28CA-4C41-8B74-6C3D3C3323D5}.Release|Any CPU.Build.0 = Release|Any CPU
		{58A479F5-2F4F-4A67-8231-14F1AE27DBF5}.Debug|Any CPU.ActiveCfg = Debug|Any CPU
		{58A479F5-2F4F-4A67-8231-14F1AE27DBF5}.Debug|Any CPU.Build.0 = Debug|Any CPU
		{58A479F5-2F4F-4A67-8231-14F1AE27DBF5}.Release|Any CPU.ActiveCfg = Release|Any CPU
		{58A479F5-2F4F-4A67-8231-14F1AE27DBF5}.Release|Any CPU.Build.0 = Release|Any CPU
		{645BF6E8-97FE-4403-9A3F-F87880BABC91}.Debug|Any CPU.ActiveCfg = Debug|Any CPU
		{645BF6E8-97FE-4403-9A3F-F87880BABC91}.Debug|Any CPU.Build.0 = Debug|Any CPU
		{645BF6E8-97FE-4403-9A3F-F87880BABC91}.Release|Any CPU.ActiveCfg = Release|Any CPU
		{645BF6E8-97FE-4403-9A3F-F87880BABC91}.Release|Any CPU.Build.0 = Release|Any CPU
		{19F76FF5-EB73-4B3E-9317-DC6AA22C480F}.Debug|Any CPU.ActiveCfg = Debug|Any CPU
		{19F76FF5-EB73-4B3E-9317-DC6AA22C480F}.Debug|Any CPU.Build.0 = Debug|Any CPU
		{19F76FF5-EB73-4B3E-9317-DC6AA22C480F}.Release|Any CPU.ActiveCfg = Release|Any CPU
		{19F76FF5-EB73-4B3E-9317-DC6AA22C480F}.Release|Any CPU.Build.0 = Release|Any CPU
		{678F90F2-09B6-4F0E-AF92-E6C691514675}.Debug|Any CPU.ActiveCfg = Debug|Any CPU
		{678F90F2-09B6-4F0E-AF92-E6C691514675}.Debug|Any CPU.Build.0 = Debug|Any CPU
		{678F90F2-09B6-4F0E-AF92-E6C691514675}.Release|Any CPU.ActiveCfg = Release|Any CPU
		{678F90F2-09B6-4F0E-AF92-E6C691514675}.Release|Any CPU.Build.0 = Release|Any CPU
		{2796E84F-44C6-45B3-BFB3-5F0949C9F999}.Debug|Any CPU.ActiveCfg = Debug|Any CPU
		{2796E84F-44C6-45B3-BFB3-5F0949C9F999}.Debug|Any CPU.Build.0 = Debug|Any CPU
		{2796E84F-44C6-45B3-BFB3-5F0949C9F999}.Release|Any CPU.ActiveCfg = Release|Any CPU
		{2796E84F-44C6-45B3-BFB3-5F0949C9F999}.Release|Any CPU.Build.0 = Release|Any CPU
		{49D260EB-5D88-4EDC-AE1C-EA60D7E61E87}.Debug|Any CPU.ActiveCfg = Debug|Any CPU
		{49D260EB-5D88-4EDC-AE1C-EA60D7E61E87}.Debug|Any CPU.Build.0 = Debug|Any CPU
		{49D260EB-5D88-4EDC-AE1C-EA60D7E61E87}.Release|Any CPU.ActiveCfg = Release|Any CPU
		{49D260EB-5D88-4EDC-AE1C-EA60D7E61E87}.Release|Any CPU.Build.0 = Release|Any CPU
		{BA7783EE-5303-4029-B81A-FCAC8D528377}.Debug|Any CPU.ActiveCfg = Debug|Any CPU
		{BA7783EE-5303-4029-B81A-FCAC8D528377}.Debug|Any CPU.Build.0 = Debug|Any CPU
		{BA7783EE-5303-4029-B81A-FCAC8D528377}.Release|Any CPU.ActiveCfg = Release|Any CPU
		{BA7783EE-5303-4029-B81A-FCAC8D528377}.Release|Any CPU.Build.0 = Release|Any CPU
		{C70385A6-B8F5-4A75-A1C8-9FF5DC0F8882}.Debug|Any CPU.ActiveCfg = Debug|Any CPU
		{C70385A6-B8F5-4A75-A1C8-9FF5DC0F8882}.Debug|Any CPU.Build.0 = Debug|Any CPU
		{C70385A6-B8F5-4A75-A1C8-9FF5DC0F8882}.Release|Any CPU.ActiveCfg = Release|Any CPU
		{C70385A6-B8F5-4A75-A1C8-9FF5DC0F8882}.Release|Any CPU.Build.0 = Release|Any CPU
		{BC01417C-DE5B-4D00-B477-FD837FDDE3EA}.Debug|Any CPU.ActiveCfg = Debug|Any CPU
		{BC01417C-DE5B-4D00-B477-FD837FDDE3EA}.Debug|Any CPU.Build.0 = Debug|Any CPU
		{BC01417C-DE5B-4D00-B477-FD837FDDE3EA}.Release|Any CPU.ActiveCfg = Release|Any CPU
		{BC01417C-DE5B-4D00-B477-FD837FDDE3EA}.Release|Any CPU.Build.0 = Release|Any CPU
		{3DD60E28-E138-476F-AA2B-22A1C955E5FB}.Debug|Any CPU.ActiveCfg = Debug|Any CPU
		{3DD60E28-E138-476F-AA2B-22A1C955E5FB}.Debug|Any CPU.Build.0 = Debug|Any CPU
		{3DD60E28-E138-476F-AA2B-22A1C955E5FB}.Release|Any CPU.ActiveCfg = Release|Any CPU
		{3DD60E28-E138-476F-AA2B-22A1C955E5FB}.Release|Any CPU.Build.0 = Release|Any CPU
		{89E6339E-980F-457E-ABDC-A525954205E9}.Debug|Any CPU.ActiveCfg = Debug|Any CPU
		{89E6339E-980F-457E-ABDC-A525954205E9}.Debug|Any CPU.Build.0 = Debug|Any CPU
		{89E6339E-980F-457E-ABDC-A525954205E9}.Release|Any CPU.ActiveCfg = Release|Any CPU
		{89E6339E-980F-457E-ABDC-A525954205E9}.Release|Any CPU.Build.0 = Release|Any CPU
		{BD6A2932-7516-4D14-8F89-0FF69C910733}.Debug|Any CPU.ActiveCfg = Debug|Any CPU
		{BD6A2932-7516-4D14-8F89-0FF69C910733}.Debug|Any CPU.Build.0 = Debug|Any CPU
		{BD6A2932-7516-4D14-8F89-0FF69C910733}.Release|Any CPU.ActiveCfg = Release|Any CPU
		{BD6A2932-7516-4D14-8F89-0FF69C910733}.Release|Any CPU.Build.0 = Release|Any CPU
		{B704B20B-6C1D-43A8-99E0-37E499A29E1E}.Debug|Any CPU.ActiveCfg = Debug|Any CPU
		{B704B20B-6C1D-43A8-99E0-37E499A29E1E}.Debug|Any CPU.Build.0 = Debug|Any CPU
		{B704B20B-6C1D-43A8-99E0-37E499A29E1E}.Release|Any CPU.ActiveCfg = Release|Any CPU
		{B704B20B-6C1D-43A8-99E0-37E499A29E1E}.Release|Any CPU.Build.0 = Release|Any CPU
		{BE9615AD-41A7-467F-9BCD-191A8CFF4CE6}.Debug|Any CPU.ActiveCfg = Debug|Any CPU
		{BE9615AD-41A7-467F-9BCD-191A8CFF4CE6}.Debug|Any CPU.Build.0 = Debug|Any CPU
		{BE9615AD-41A7-467F-9BCD-191A8CFF4CE6}.Release|Any CPU.ActiveCfg = Release|Any CPU
		{BE9615AD-41A7-467F-9BCD-191A8CFF4CE6}.Release|Any CPU.Build.0 = Release|Any CPU
		{EA9CFA7F-CB01-4346-96B4-8579B0A7AE07}.Debug|Any CPU.ActiveCfg = Debug|Any CPU
		{EA9CFA7F-CB01-4346-96B4-8579B0A7AE07}.Debug|Any CPU.Build.0 = Debug|Any CPU
		{EA9CFA7F-CB01-4346-96B4-8579B0A7AE07}.Release|Any CPU.ActiveCfg = Release|Any CPU
		{EA9CFA7F-CB01-4346-96B4-8579B0A7AE07}.Release|Any CPU.Build.0 = Release|Any CPU
		{DDC913BF-83AA-4DCD-98E4-EDCD6CFB7FA8}.Debug|Any CPU.ActiveCfg = Debug|Any CPU
		{DDC913BF-83AA-4DCD-98E4-EDCD6CFB7FA8}.Debug|Any CPU.Build.0 = Debug|Any CPU
		{DDC913BF-83AA-4DCD-98E4-EDCD6CFB7FA8}.Release|Any CPU.ActiveCfg = Release|Any CPU
		{DDC913BF-83AA-4DCD-98E4-EDCD6CFB7FA8}.Release|Any CPU.Build.0 = Release|Any CPU
	EndGlobalSection
	GlobalSection(SolutionProperties) = preSolution
		HideSolutionNode = FALSE
	EndGlobalSection
	GlobalSection(ExtensibilityGlobals) = postSolution
		SolutionGuid = {C09A78A5-3D8E-447C-A87E-CE7069112BBD}
	EndGlobalSection
EndGlobal
