
Microsoft Visual Studio Solution File, Format Version 12.00
# Visual Studio Version 17
VisualStudioVersion = 17.5.33414.496
MinimumVisualStudioVersion = 10.0.40219.1
Project("{9A19103F-16F7-4668-BE54-9A1E7A4F7556}") = "E01.IntegerOperations", "E01.IntegerOperations.csproj", "{94CFBAE3-54B1-4AD3-A649-E4BAA82AB2F1}"
EndProject
Project("{9A19103F-16F7-4668-BE54-9A1E7A4F7556}") = "E02.SumDigits", "..\E02.SumDigits\E02.SumDigits.csproj", "{04540812-A3E5-4A0D-9CE5-A2CEF776F958}"
EndProject
Project("{9A19103F-16F7-4668-BE54-9A1E7A4F7556}") = "E03.Elevator", "..\E03.Elevator\E03.Elevator.csproj", "{3FC7FDDF-8239-4793-A9B0-E0FC90D3F0EB}"
EndProject
Project("{9A19103F-16F7-4668-BE54-9A1E7A4F7556}") = "E04.SumOfChars", "..\E04.SumOfChars\E04.SumOfChars.csproj", "{CF7A0FBC-7B84-476B-AEF0-D38B00167770}"
EndProject
Project("{9A19103F-16F7-4668-BE54-9A1E7A4F7556}") = "E05.PrintPartOfASCIITable", "..\E05.PrintPartOfASCIITable\E05.PrintPartOfASCIITable.csproj", "{96899CD0-9EC9-47C0-BADF-18B8BBB6C693}"
EndProject
Project("{9A19103F-16F7-4668-BE54-9A1E7A4F7556}") = "E06.TriplesOfLatinLetters", "..\E06.TriplesOfLatinLetters\E06.TriplesOfLatinLetters.csproj", "{9A051368-0785-47B9-89F6-316FE2484FDC}"
EndProject
Project("{9A19103F-16F7-4668-BE54-9A1E7A4F7556}") = "E07.WaterOverflow", "..\E07.WaterOverflow\E07.WaterOverflow.csproj", "{77F691E2-B482-468D-84FB-0EBFD4E280F7}"
EndProject
Project("{9A19103F-16F7-4668-BE54-9A1E7A4F7556}") = "E08.BeerKegs", "..\E08.BeerKegs\E08.BeerKegs.csproj", "{B5FB2495-1759-4BB5-B923-AE1FC273AECE}"
EndProject
Project("{9A19103F-16F7-4668-BE54-9A1E7A4F7556}") = "E09.SpiceMustFlow", "..\E09.SpiceMustFlow\E09.SpiceMustFlow.csproj", "{17598E08-249F-448D-ADEF-B54E92BCDB68}"
EndProject
Project("{9A19103F-16F7-4668-BE54-9A1E7A4F7556}") = "E10.Pokemon", "..\E10.Pokemon\E10.Pokemon.csproj", "{6FE8CF80-946D-4460-B759-DA4C56D617F3}"
EndProject
Project("{9A19103F-16F7-4668-BE54-9A1E7A4F7556}") = "E11.Snowballs", "..\E11.Snowballs\E11.Snowballs.csproj", "{487CD4E2-9A51-4E78-B77D-1ECB32039241}"
EndProject
Project("{9A19103F-16F7-4668-BE54-9A1E7A4F7556}") = "L01.ConvertMetersToKilometers", "..\L01.ConvertMetersToKilometers\L01.ConvertMetersToKilometers.csproj", "{2E3CDD9B-1144-41C4-ACB1-5072026982EA}"
EndProject
Project("{9A19103F-16F7-4668-BE54-9A1E7A4F7556}") = "L02.PoundsToDollars", "..\L02.PoundsToDollars\L02.PoundsToDollars.csproj", "{685361B7-5461-43A5-9400-F0E854F20163}"
EndProject
Project("{9A19103F-16F7-4668-BE54-9A1E7A4F7556}") = "L03.ExactSumOfRealNumbers", "..\L03.ExactSumOfRealNumbers\L03.ExactSumOfRealNumbers.csproj", "{4A160890-134F-4639-BC29-0C5529791541}"
EndProject
Project("{9A19103F-16F7-4668-BE54-9A1E7A4F7556}") = "L04.CenturiesToMinutes", "..\L04.CenturiesToMinutes\L04.CenturiesToMinutes.csproj", "{49603322-6F80-4AE8-99CF-A75C51E7026B}"
EndProject
Project("{9A19103F-16F7-4668-BE54-9A1E7A4F7556}") = "L05.SpecialNumbers", "..\E05.SpecialNumbers\L05.SpecialNumbers.csproj", "{1475D88D-2C80-4773-8988-0A4BDC9A2A0B}"
EndProject
Project("{9A19103F-16F7-4668-BE54-9A1E7A4F7556}") = "L06.ReversedChars", "..\L06.ReversedChars\L06.ReversedChars.csproj", "{6A2F9518-582C-40D1-99F4-D67D3459C85E}"
EndProject
Project("{9A19103F-16F7-4668-BE54-9A1E7A4F7556}") = "L07.ConcatNames", "..\L07.ConcatNames\L07.ConcatNames.csproj", "{B87A3E7D-8A3B-4CFF-AEC6-8E3357C578E6}"
EndProject
Project("{9A19103F-16F7-4668-BE54-9A1E7A4F7556}") = "L08.TownInfo", "..\L08.TownInfo\L08.TownInfo.csproj", "{DDE8EB9C-A51C-445C-9DD6-EDEC469FBAA7}"
EndProject
Project("{9A19103F-16F7-4668-BE54-9A1E7A4F7556}") = "L09.CharsToString", "..\L09.CharsToString\L09.CharsToString.csproj", "{6A90D5EC-C30B-47E3-96DE-68154A42A394}"
EndProject
Project("{9A19103F-16F7-4668-BE54-9A1E7A4F7556}") = "L10.LowerOrUpper", "..\L10.LowerOrUpper\L10.LowerOrUpper.csproj", "{DD34D067-2D51-4731-9DAC-35F731F65F99}"
EndProject
Project("{9A19103F-16F7-4668-BE54-9A1E7A4F7556}") = "L11.RefactorVolumeOfPyramid", "..\L11.RefactorVolumeOfPyramid\L11.RefactorVolumeOfPyramid.csproj", "{C1F9F97B-F7A1-4DC8-9409-4A12100C7962}"
EndProject
Project("{9A19103F-16F7-4668-BE54-9A1E7A4F7556}") = "L12.RefactorSpecialNumbers", "..\L12.RefactorSpecialNumbers\L12.RefactorSpecialNumbers.csproj", "{8952461E-58E3-4F4E-8CBB-0C6F6E751246}"
EndProject
Project("{9A19103F-16F7-4668-BE54-9A1E7A4F7556}") = "M01.DataTypeFinder", "..\M01.DataTypeFinder\M01.DataTypeFinder.csproj", "{8E81D0D6-5BD2-4B33-A011-05DAE851DA5E}"
EndProject
Project("{9A19103F-16F7-4668-BE54-9A1E7A4F7556}") = "M02.FromLeftToRight", "..\M02.FromLeftToRight\M02.FromLeftToRight.csproj", "{A6F248A0-DA2F-4B75-9D17-49FE7C80CEDB}"
EndProject
Project("{9A19103F-16F7-4668-BE54-9A1E7A4F7556}") = "M06.BalancedBrackets", "..\M06.BalancedBrackets\M06.BalancedBrackets.csproj", "{717D6513-C37C-4589-ACFA-D943D292AA54}"
EndProject
Project("{FAE04EC0-301F-11D3-BF4B-00C04F79EFBC}") = "M03.FloatingEquality", "..\M03.FloatingEquality\M03.FloatingEquality.csproj", "{32728434-10F0-4B0E-B74E-DFBF5A1C33DD}"
EndProject
Project("{FAE04EC0-301F-11D3-BF4B-00C04F79EFBC}") = "M04.RefactoringPrimeChecker", "..\M04.RefactoringPrimeChecker\M04.RefactoringPrimeChecker.csproj", "{68F1F760-1368-4E0E-B700-3B8ACD70B3D7}"
EndProject
Project("{FAE04EC0-301F-11D3-BF4B-00C04F79EFBC}") = "M05.DecryptingMessages", "..\M05.DecryptingMessages\M05.DecryptingMessages.csproj", "{D4480600-FCEC-480C-A6A8-C3AA5A93D93D}"
EndProject
Global
	GlobalSection(SolutionConfigurationPlatforms) = preSolution
		Debug|Any CPU = Debug|Any CPU
		Release|Any CPU = Release|Any CPU
	EndGlobalSection
	GlobalSection(ProjectConfigurationPlatforms) = postSolution
		{94CFBAE3-54B1-4AD3-A649-E4BAA82AB2F1}.Debug|Any CPU.ActiveCfg = Debug|Any CPU
		{94CFBAE3-54B1-4AD3-A649-E4BAA82AB2F1}.Debug|Any CPU.Build.0 = Debug|Any CPU
		{94CFBAE3-54B1-4AD3-A649-E4BAA82AB2F1}.Release|Any CPU.ActiveCfg = Release|Any CPU
		{94CFBAE3-54B1-4AD3-A649-E4BAA82AB2F1}.Release|Any CPU.Build.0 = Release|Any CPU
		{04540812-A3E5-4A0D-9CE5-A2CEF776F958}.Debug|Any CPU.ActiveCfg = Debug|Any CPU
		{04540812-A3E5-4A0D-9CE5-A2CEF776F958}.Debug|Any CPU.Build.0 = Debug|Any CPU
		{04540812-A3E5-4A0D-9CE5-A2CEF776F958}.Release|Any CPU.ActiveCfg = Release|Any CPU
		{04540812-A3E5-4A0D-9CE5-A2CEF776F958}.Release|Any CPU.Build.0 = Release|Any CPU
		{3FC7FDDF-8239-4793-A9B0-E0FC90D3F0EB}.Debug|Any CPU.ActiveCfg = Debug|Any CPU
		{3FC7FDDF-8239-4793-A9B0-E0FC90D3F0EB}.Debug|Any CPU.Build.0 = Debug|Any CPU
		{3FC7FDDF-8239-4793-A9B0-E0FC90D3F0EB}.Release|Any CPU.ActiveCfg = Release|Any CPU
		{3FC7FDDF-8239-4793-A9B0-E0FC90D3F0EB}.Release|Any CPU.Build.0 = Release|Any CPU
		{CF7A0FBC-7B84-476B-AEF0-D38B00167770}.Debug|Any CPU.ActiveCfg = Debug|Any CPU
		{CF7A0FBC-7B84-476B-AEF0-D38B00167770}.Debug|Any CPU.Build.0 = Debug|Any CPU
		{CF7A0FBC-7B84-476B-AEF0-D38B00167770}.Release|Any CPU.ActiveCfg = Release|Any CPU
		{CF7A0FBC-7B84-476B-AEF0-D38B00167770}.Release|Any CPU.Build.0 = Release|Any CPU
		{96899CD0-9EC9-47C0-BADF-18B8BBB6C693}.Debug|Any CPU.ActiveCfg = Debug|Any CPU
		{96899CD0-9EC9-47C0-BADF-18B8BBB6C693}.Debug|Any CPU.Build.0 = Debug|Any CPU
		{96899CD0-9EC9-47C0-BADF-18B8BBB6C693}.Release|Any CPU.ActiveCfg = Release|Any CPU
		{96899CD0-9EC9-47C0-BADF-18B8BBB6C693}.Release|Any CPU.Build.0 = Release|Any CPU
		{9A051368-0785-47B9-89F6-316FE2484FDC}.Debug|Any CPU.ActiveCfg = Debug|Any CPU
		{9A051368-0785-47B9-89F6-316FE2484FDC}.Debug|Any CPU.Build.0 = Debug|Any CPU
		{9A051368-0785-47B9-89F6-316FE2484FDC}.Release|Any CPU.ActiveCfg = Release|Any CPU
		{9A051368-0785-47B9-89F6-316FE2484FDC}.Release|Any CPU.Build.0 = Release|Any CPU
		{77F691E2-B482-468D-84FB-0EBFD4E280F7}.Debug|Any CPU.ActiveCfg = Debug|Any CPU
		{77F691E2-B482-468D-84FB-0EBFD4E280F7}.Debug|Any CPU.Build.0 = Debug|Any CPU
		{77F691E2-B482-468D-84FB-0EBFD4E280F7}.Release|Any CPU.ActiveCfg = Release|Any CPU
		{77F691E2-B482-468D-84FB-0EBFD4E280F7}.Release|Any CPU.Build.0 = Release|Any CPU
		{B5FB2495-1759-4BB5-B923-AE1FC273AECE}.Debug|Any CPU.ActiveCfg = Debug|Any CPU
		{B5FB2495-1759-4BB5-B923-AE1FC273AECE}.Debug|Any CPU.Build.0 = Debug|Any CPU
		{B5FB2495-1759-4BB5-B923-AE1FC273AECE}.Release|Any CPU.ActiveCfg = Release|Any CPU
		{B5FB2495-1759-4BB5-B923-AE1FC273AECE}.Release|Any CPU.Build.0 = Release|Any CPU
		{17598E08-249F-448D-ADEF-B54E92BCDB68}.Debug|Any CPU.ActiveCfg = Debug|Any CPU
		{17598E08-249F-448D-ADEF-B54E92BCDB68}.Debug|Any CPU.Build.0 = Debug|Any CPU
		{17598E08-249F-448D-ADEF-B54E92BCDB68}.Release|Any CPU.ActiveCfg = Release|Any CPU
		{17598E08-249F-448D-ADEF-B54E92BCDB68}.Release|Any CPU.Build.0 = Release|Any CPU
		{6FE8CF80-946D-4460-B759-DA4C56D617F3}.Debug|Any CPU.ActiveCfg = Debug|Any CPU
		{6FE8CF80-946D-4460-B759-DA4C56D617F3}.Debug|Any CPU.Build.0 = Debug|Any CPU
		{6FE8CF80-946D-4460-B759-DA4C56D617F3}.Release|Any CPU.ActiveCfg = Release|Any CPU
		{6FE8CF80-946D-4460-B759-DA4C56D617F3}.Release|Any CPU.Build.0 = Release|Any CPU
		{487CD4E2-9A51-4E78-B77D-1ECB32039241}.Debug|Any CPU.ActiveCfg = Debug|Any CPU
		{487CD4E2-9A51-4E78-B77D-1ECB32039241}.Debug|Any CPU.Build.0 = Debug|Any CPU
		{487CD4E2-9A51-4E78-B77D-1ECB32039241}.Release|Any CPU.ActiveCfg = Release|Any CPU
		{487CD4E2-9A51-4E78-B77D-1ECB32039241}.Release|Any CPU.Build.0 = Release|Any CPU
		{2E3CDD9B-1144-41C4-ACB1-5072026982EA}.Debug|Any CPU.ActiveCfg = Debug|Any CPU
		{2E3CDD9B-1144-41C4-ACB1-5072026982EA}.Debug|Any CPU.Build.0 = Debug|Any CPU
		{2E3CDD9B-1144-41C4-ACB1-5072026982EA}.Release|Any CPU.ActiveCfg = Release|Any CPU
		{2E3CDD9B-1144-41C4-ACB1-5072026982EA}.Release|Any CPU.Build.0 = Release|Any CPU
		{685361B7-5461-43A5-9400-F0E854F20163}.Debug|Any CPU.ActiveCfg = Debug|Any CPU
		{685361B7-5461-43A5-9400-F0E854F20163}.Debug|Any CPU.Build.0 = Debug|Any CPU
		{685361B7-5461-43A5-9400-F0E854F20163}.Release|Any CPU.ActiveCfg = Release|Any CPU
		{685361B7-5461-43A5-9400-F0E854F20163}.Release|Any CPU.Build.0 = Release|Any CPU
		{4A160890-134F-4639-BC29-0C5529791541}.Debug|Any CPU.ActiveCfg = Debug|Any CPU
		{4A160890-134F-4639-BC29-0C5529791541}.Debug|Any CPU.Build.0 = Debug|Any CPU
		{4A160890-134F-4639-BC29-0C5529791541}.Release|Any CPU.ActiveCfg = Release|Any CPU
		{4A160890-134F-4639-BC29-0C5529791541}.Release|Any CPU.Build.0 = Release|Any CPU
		{49603322-6F80-4AE8-99CF-A75C51E7026B}.Debug|Any CPU.ActiveCfg = Debug|Any CPU
		{49603322-6F80-4AE8-99CF-A75C51E7026B}.Debug|Any CPU.Build.0 = Debug|Any CPU
		{49603322-6F80-4AE8-99CF-A75C51E7026B}.Release|Any CPU.ActiveCfg = Release|Any CPU
		{49603322-6F80-4AE8-99CF-A75C51E7026B}.Release|Any CPU.Build.0 = Release|Any CPU
		{1475D88D-2C80-4773-8988-0A4BDC9A2A0B}.Debug|Any CPU.ActiveCfg = Debug|Any CPU
		{1475D88D-2C80-4773-8988-0A4BDC9A2A0B}.Debug|Any CPU.Build.0 = Debug|Any CPU
		{1475D88D-2C80-4773-8988-0A4BDC9A2A0B}.Release|Any CPU.ActiveCfg = Release|Any CPU
		{1475D88D-2C80-4773-8988-0A4BDC9A2A0B}.Release|Any CPU.Build.0 = Release|Any CPU
		{6A2F9518-582C-40D1-99F4-D67D3459C85E}.Debug|Any CPU.ActiveCfg = Debug|Any CPU
		{6A2F9518-582C-40D1-99F4-D67D3459C85E}.Debug|Any CPU.Build.0 = Debug|Any CPU
		{6A2F9518-582C-40D1-99F4-D67D3459C85E}.Release|Any CPU.ActiveCfg = Release|Any CPU
		{6A2F9518-582C-40D1-99F4-D67D3459C85E}.Release|Any CPU.Build.0 = Release|Any CPU
		{B87A3E7D-8A3B-4CFF-AEC6-8E3357C578E6}.Debug|Any CPU.ActiveCfg = Debug|Any CPU
		{B87A3E7D-8A3B-4CFF-AEC6-8E3357C578E6}.Debug|Any CPU.Build.0 = Debug|Any CPU
		{B87A3E7D-8A3B-4CFF-AEC6-8E3357C578E6}.Release|Any CPU.ActiveCfg = Release|Any CPU
		{B87A3E7D-8A3B-4CFF-AEC6-8E3357C578E6}.Release|Any CPU.Build.0 = Release|Any CPU
		{DDE8EB9C-A51C-445C-9DD6-EDEC469FBAA7}.Debug|Any CPU.ActiveCfg = Debug|Any CPU
		{DDE8EB9C-A51C-445C-9DD6-EDEC469FBAA7}.Debug|Any CPU.Build.0 = Debug|Any CPU
		{DDE8EB9C-A51C-445C-9DD6-EDEC469FBAA7}.Release|Any CPU.ActiveCfg = Release|Any CPU
		{DDE8EB9C-A51C-445C-9DD6-EDEC469FBAA7}.Release|Any CPU.Build.0 = Release|Any CPU
		{6A90D5EC-C30B-47E3-96DE-68154A42A394}.Debug|Any CPU.ActiveCfg = Debug|Any CPU
		{6A90D5EC-C30B-47E3-96DE-68154A42A394}.Debug|Any CPU.Build.0 = Debug|Any CPU
		{6A90D5EC-C30B-47E3-96DE-68154A42A394}.Release|Any CPU.ActiveCfg = Release|Any CPU
		{6A90D5EC-C30B-47E3-96DE-68154A42A394}.Release|Any CPU.Build.0 = Release|Any CPU
		{DD34D067-2D51-4731-9DAC-35F731F65F99}.Debug|Any CPU.ActiveCfg = Debug|Any CPU
		{DD34D067-2D51-4731-9DAC-35F731F65F99}.Debug|Any CPU.Build.0 = Debug|Any CPU
		{DD34D067-2D51-4731-9DAC-35F731F65F99}.Release|Any CPU.ActiveCfg = Release|Any CPU
		{DD34D067-2D51-4731-9DAC-35F731F65F99}.Release|Any CPU.Build.0 = Release|Any CPU
		{C1F9F97B-F7A1-4DC8-9409-4A12100C7962}.Debug|Any CPU.ActiveCfg = Debug|Any CPU
		{C1F9F97B-F7A1-4DC8-9409-4A12100C7962}.Debug|Any CPU.Build.0 = Debug|Any CPU
		{C1F9F97B-F7A1-4DC8-9409-4A12100C7962}.Release|Any CPU.ActiveCfg = Release|Any CPU
		{C1F9F97B-F7A1-4DC8-9409-4A12100C7962}.Release|Any CPU.Build.0 = Release|Any CPU
		{8952461E-58E3-4F4E-8CBB-0C6F6E751246}.Debug|Any CPU.ActiveCfg = Debug|Any CPU
		{8952461E-58E3-4F4E-8CBB-0C6F6E751246}.Debug|Any CPU.Build.0 = Debug|Any CPU
		{8952461E-58E3-4F4E-8CBB-0C6F6E751246}.Release|Any CPU.ActiveCfg = Release|Any CPU
		{8952461E-58E3-4F4E-8CBB-0C6F6E751246}.Release|Any CPU.Build.0 = Release|Any CPU
		{8E81D0D6-5BD2-4B33-A011-05DAE851DA5E}.Debug|Any CPU.ActiveCfg = Debug|Any CPU
		{8E81D0D6-5BD2-4B33-A011-05DAE851DA5E}.Debug|Any CPU.Build.0 = Debug|Any CPU
		{8E81D0D6-5BD2-4B33-A011-05DAE851DA5E}.Release|Any CPU.ActiveCfg = Release|Any CPU
		{8E81D0D6-5BD2-4B33-A011-05DAE851DA5E}.Release|Any CPU.Build.0 = Release|Any CPU
		{A6F248A0-DA2F-4B75-9D17-49FE7C80CEDB}.Debug|Any CPU.ActiveCfg = Debug|Any CPU
		{A6F248A0-DA2F-4B75-9D17-49FE7C80CEDB}.Debug|Any CPU.Build.0 = Debug|Any CPU
		{A6F248A0-DA2F-4B75-9D17-49FE7C80CEDB}.Release|Any CPU.ActiveCfg = Release|Any CPU
		{A6F248A0-DA2F-4B75-9D17-49FE7C80CEDB}.Release|Any CPU.Build.0 = Release|Any CPU
		{717D6513-C37C-4589-ACFA-D943D292AA54}.Debug|Any CPU.ActiveCfg = Debug|Any CPU
		{717D6513-C37C-4589-ACFA-D943D292AA54}.Debug|Any CPU.Build.0 = Debug|Any CPU
		{717D6513-C37C-4589-ACFA-D943D292AA54}.Release|Any CPU.ActiveCfg = Release|Any CPU
		{717D6513-C37C-4589-ACFA-D943D292AA54}.Release|Any CPU.Build.0 = Release|Any CPU
		{32728434-10F0-4B0E-B74E-DFBF5A1C33DD}.Debug|Any CPU.ActiveCfg = Debug|Any CPU
		{32728434-10F0-4B0E-B74E-DFBF5A1C33DD}.Debug|Any CPU.Build.0 = Debug|Any CPU
		{32728434-10F0-4B0E-B74E-DFBF5A1C33DD}.Release|Any CPU.ActiveCfg = Release|Any CPU
		{32728434-10F0-4B0E-B74E-DFBF5A1C33DD}.Release|Any CPU.Build.0 = Release|Any CPU
		{68F1F760-1368-4E0E-B700-3B8ACD70B3D7}.Debug|Any CPU.ActiveCfg = Debug|Any CPU
		{68F1F760-1368-4E0E-B700-3B8ACD70B3D7}.Debug|Any CPU.Build.0 = Debug|Any CPU
		{68F1F760-1368-4E0E-B700-3B8ACD70B3D7}.Release|Any CPU.ActiveCfg = Release|Any CPU
		{68F1F760-1368-4E0E-B700-3B8ACD70B3D7}.Release|Any CPU.Build.0 = Release|Any CPU
		{D4480600-FCEC-480C-A6A8-C3AA5A93D93D}.Debug|Any CPU.ActiveCfg = Debug|Any CPU
		{D4480600-FCEC-480C-A6A8-C3AA5A93D93D}.Debug|Any CPU.Build.0 = Debug|Any CPU
		{D4480600-FCEC-480C-A6A8-C3AA5A93D93D}.Release|Any CPU.ActiveCfg = Release|Any CPU
		{D4480600-FCEC-480C-A6A8-C3AA5A93D93D}.Release|Any CPU.Build.0 = Release|Any CPU
	EndGlobalSection
	GlobalSection(SolutionProperties) = preSolution
		HideSolutionNode = FALSE
	EndGlobalSection
	GlobalSection(ExtensibilityGlobals) = postSolution
		SolutionGuid = {03CC9E40-99C5-4208-9936-0081AF3D62C0}
	EndGlobalSection
EndGlobal
