
Microsoft Visual Studio Solution File, Format Version 12.00
# Visual Studio Version 17
VisualStudioVersion = 17.5.33414.496
MinimumVisualStudioVersion = 10.0.40219.1
Project("{9A19103F-16F7-4668-BE54-9A1E7A4F7556}") = "P01.DayOfWeek", "P01.DayOfWeek.csproj", "{FB9205AE-C550-42F1-A72D-54709284E234}"
EndProject
Project("{9A19103F-16F7-4668-BE54-9A1E7A4F7556}") = "P02.PrintNumbersInReverseOrder", "..\P02.PrintNumbersInReverseOrder\P02.PrintNumbersInReverseOrder.csproj", "{0FCF8883-7AF5-42C1-98EF-0D19A162505F}"
EndProject
Project("{9A19103F-16F7-4668-BE54-9A1E7A4F7556}") = "P03.RoundingNumbers", "..\P03.RoundingNumbers\P03.RoundingNumbers.csproj", "{1A9D4722-3B76-404C-9DD3-EC8D82FCC9B7}"
EndProject
Project("{9A19103F-16F7-4668-BE54-9A1E7A4F7556}") = "P05.SumEvenNumbers", "..\P05.SumEvenNumbers\P05.SumEvenNumbers.csproj", "{0CBA7D44-CBCE-4146-9B0D-D36EB916BFC0}"
EndProject
Project("{9A19103F-16F7-4668-BE54-9A1E7A4F7556}") = "P06.EvenAndOddSubtraction", "..\P06.EvenAndOddSubtraction\P06.EvenAndOddSubtraction.csproj", "{AB08A333-980D-429F-979B-A34C482A42B4}"
EndProject
Project("{9A19103F-16F7-4668-BE54-9A1E7A4F7556}") = "P07.EqualArrays", "..\P07.EqualArrays\P07.EqualArrays.csproj", "{65DBA6F1-9434-4B60-B67A-E48EEBC5CAA9}"
EndProject
Project("{9A19103F-16F7-4668-BE54-9A1E7A4F7556}") = "P08.CondenseArrayToNumber", "..\P08.CondenseArrayToNumber\P08.CondenseArrayToNumber.csproj", "{ACBFE261-DE43-4BDA-8AC4-D5E09A0190DD}"
EndProject
Project("{9A19103F-16F7-4668-BE54-9A1E7A4F7556}") = "E01.Train", "..\E01.Train\E01.Train.csproj", "{6C95141E-C4EF-47CD-83EB-FA94AEA8BD37}"
EndProject
Project("{9A19103F-16F7-4668-BE54-9A1E7A4F7556}") = "E02.CommonElements", "..\E02.CommonElements\E02.CommonElements.csproj", "{8372B357-27EB-4009-B4BF-49AB0EBB9A36}"
EndProject
Project("{9A19103F-16F7-4668-BE54-9A1E7A4F7556}") = "E03.ZigZagArrays", "..\E03.ZigZagArrays\E03.ZigZagArrays.csproj", "{DDC73BC9-BE58-43F7-BC2E-2350AC478608}"
EndProject
Project("{9A19103F-16F7-4668-BE54-9A1E7A4F7556}") = "E04.ArrayRotation", "..\E04.ArrayRotation\E04.ArrayRotation.csproj", "{2AE992E3-D14A-4F14-BD2F-DD7935E5ED75}"
EndProject
Project("{9A19103F-16F7-4668-BE54-9A1E7A4F7556}") = "E05.TopIntegers", "..\E05.TopIntegers\E05.TopIntegers.csproj", "{677C3AE5-E075-4054-97D1-844F60202D13}"
EndProject
Project("{9A19103F-16F7-4668-BE54-9A1E7A4F7556}") = "E06.EqualSums", "..\E06.EqualSums\E06.EqualSums.csproj", "{4D2E3BC6-A025-426C-9376-548171E707EC}"
EndProject
Project("{9A19103F-16F7-4668-BE54-9A1E7A4F7556}") = "E07.MaxSequenceOfEqualElements", "..\E07.MaxSequenceOfEqualElements\E07.MaxSequenceOfEqualElements.csproj", "{BE725616-6B31-4C57-BB01-5C13064CD84E}"
EndProject
Project("{9A19103F-16F7-4668-BE54-9A1E7A4F7556}") = "E08.MagicSum", "..\E08.MagicSum\E08.MagicSum.csproj", "{134FC875-93DB-4E81-A544-8BD93FC47422}"
EndProject
Project("{9A19103F-16F7-4668-BE54-9A1E7A4F7556}") = "E09.KaminoFactory", "..\E09.KaminoFactory\E09.KaminoFactory.csproj", "{19A56006-3C0B-4492-A182-A24EF737E100}"
EndProject
Project("{9A19103F-16F7-4668-BE54-9A1E7A4F7556}") = "P04.ReverseArrayOfStrings", "..\P04.ReverseArrayOfStrings\P04.ReverseArrayOfStrings.csproj", "{8CB0CB61-9ECE-4CF7-8E8E-0407FE15917D}"
EndProject
Project("{9A19103F-16F7-4668-BE54-9A1E7A4F7556}") = "E10.Ladybugs", "..\E10.Ladybugs\E10.Ladybugs.csproj", "{68CB63F8-FAE1-494E-AB41-0893C2933F76}"
EndProject
Project("{FAE04EC0-301F-11D3-BF4B-00C04F79EFBC}") = "M01.EncryptSortPrintArray", "..\M01.EncryptSortPrintArray\M01.EncryptSortPrintArray.csproj", "{B800562F-20A0-4D4B-B445-6FCAE141270D}"
EndProject
Project("{FAE04EC0-301F-11D3-BF4B-00C04F79EFBC}") = "M02.PascalTriangle", "..\M02.PascalTriangle\M02.PascalTriangle.csproj", "{C64E26EA-1708-4CD2-9A50-D3DE1568B27C}"
EndProject
Global
	GlobalSection(SolutionConfigurationPlatforms) = preSolution
		Debug|Any CPU = Debug|Any CPU
		Release|Any CPU = Release|Any CPU
	EndGlobalSection
	GlobalSection(ProjectConfigurationPlatforms) = postSolution
		{FB9205AE-C550-42F1-A72D-54709284E234}.Debug|Any CPU.ActiveCfg = Debug|Any CPU
		{FB9205AE-C550-42F1-A72D-54709284E234}.Debug|Any CPU.Build.0 = Debug|Any CPU
		{FB9205AE-C550-42F1-A72D-54709284E234}.Release|Any CPU.ActiveCfg = Release|Any CPU
		{FB9205AE-C550-42F1-A72D-54709284E234}.Release|Any CPU.Build.0 = Release|Any CPU
		{0FCF8883-7AF5-42C1-98EF-0D19A162505F}.Debug|Any CPU.ActiveCfg = Debug|Any CPU
		{0FCF8883-7AF5-42C1-98EF-0D19A162505F}.Debug|Any CPU.Build.0 = Debug|Any CPU
		{0FCF8883-7AF5-42C1-98EF-0D19A162505F}.Release|Any CPU.ActiveCfg = Release|Any CPU
		{0FCF8883-7AF5-42C1-98EF-0D19A162505F}.Release|Any CPU.Build.0 = Release|Any CPU
		{1A9D4722-3B76-404C-9DD3-EC8D82FCC9B7}.Debug|Any CPU.ActiveCfg = Debug|Any CPU
		{1A9D4722-3B76-404C-9DD3-EC8D82FCC9B7}.Debug|Any CPU.Build.0 = Debug|Any CPU
		{1A9D4722-3B76-404C-9DD3-EC8D82FCC9B7}.Release|Any CPU.ActiveCfg = Release|Any CPU
		{1A9D4722-3B76-404C-9DD3-EC8D82FCC9B7}.Release|Any CPU.Build.0 = Release|Any CPU
		{0CBA7D44-CBCE-4146-9B0D-D36EB916BFC0}.Debug|Any CPU.ActiveCfg = Debug|Any CPU
		{0CBA7D44-CBCE-4146-9B0D-D36EB916BFC0}.Debug|Any CPU.Build.0 = Debug|Any CPU
		{0CBA7D44-CBCE-4146-9B0D-D36EB916BFC0}.Release|Any CPU.ActiveCfg = Release|Any CPU
		{0CBA7D44-CBCE-4146-9B0D-D36EB916BFC0}.Release|Any CPU.Build.0 = Release|Any CPU
		{AB08A333-980D-429F-979B-A34C482A42B4}.Debug|Any CPU.ActiveCfg = Debug|Any CPU
		{AB08A333-980D-429F-979B-A34C482A42B4}.Debug|Any CPU.Build.0 = Debug|Any CPU
		{AB08A333-980D-429F-979B-A34C482A42B4}.Release|Any CPU.ActiveCfg = Release|Any CPU
		{AB08A333-980D-429F-979B-A34C482A42B4}.Release|Any CPU.Build.0 = Release|Any CPU
		{65DBA6F1-9434-4B60-B67A-E48EEBC5CAA9}.Debug|Any CPU.ActiveCfg = Debug|Any CPU
		{65DBA6F1-9434-4B60-B67A-E48EEBC5CAA9}.Debug|Any CPU.Build.0 = Debug|Any CPU
		{65DBA6F1-9434-4B60-B67A-E48EEBC5CAA9}.Release|Any CPU.ActiveCfg = Release|Any CPU
		{65DBA6F1-9434-4B60-B67A-E48EEBC5CAA9}.Release|Any CPU.Build.0 = Release|Any CPU
		{ACBFE261-DE43-4BDA-8AC4-D5E09A0190DD}.Debug|Any CPU.ActiveCfg = Debug|Any CPU
		{ACBFE261-DE43-4BDA-8AC4-D5E09A0190DD}.Debug|Any CPU.Build.0 = Debug|Any CPU
		{ACBFE261-DE43-4BDA-8AC4-D5E09A0190DD}.Release|Any CPU.ActiveCfg = Release|Any CPU
		{ACBFE261-DE43-4BDA-8AC4-D5E09A0190DD}.Release|Any CPU.Build.0 = Release|Any CPU
		{6C95141E-C4EF-47CD-83EB-FA94AEA8BD37}.Debug|Any CPU.ActiveCfg = Debug|Any CPU
		{6C95141E-C4EF-47CD-83EB-FA94AEA8BD37}.Debug|Any CPU.Build.0 = Debug|Any CPU
		{6C95141E-C4EF-47CD-83EB-FA94AEA8BD37}.Release|Any CPU.ActiveCfg = Release|Any CPU
		{6C95141E-C4EF-47CD-83EB-FA94AEA8BD37}.Release|Any CPU.Build.0 = Release|Any CPU
		{8372B357-27EB-4009-B4BF-49AB0EBB9A36}.Debug|Any CPU.ActiveCfg = Debug|Any CPU
		{8372B357-27EB-4009-B4BF-49AB0EBB9A36}.Debug|Any CPU.Build.0 = Debug|Any CPU
		{8372B357-27EB-4009-B4BF-49AB0EBB9A36}.Release|Any CPU.ActiveCfg = Release|Any CPU
		{8372B357-27EB-4009-B4BF-49AB0EBB9A36}.Release|Any CPU.Build.0 = Release|Any CPU
		{DDC73BC9-BE58-43F7-BC2E-2350AC478608}.Debug|Any CPU.ActiveCfg = Debug|Any CPU
		{DDC73BC9-BE58-43F7-BC2E-2350AC478608}.Debug|Any CPU.Build.0 = Debug|Any CPU
		{DDC73BC9-BE58-43F7-BC2E-2350AC478608}.Release|Any CPU.ActiveCfg = Release|Any CPU
		{DDC73BC9-BE58-43F7-BC2E-2350AC478608}.Release|Any CPU.Build.0 = Release|Any CPU
		{2AE992E3-D14A-4F14-BD2F-DD7935E5ED75}.Debug|Any CPU.ActiveCfg = Debug|Any CPU
		{2AE992E3-D14A-4F14-BD2F-DD7935E5ED75}.Debug|Any CPU.Build.0 = Debug|Any CPU
		{2AE992E3-D14A-4F14-BD2F-DD7935E5ED75}.Release|Any CPU.ActiveCfg = Release|Any CPU
		{2AE992E3-D14A-4F14-BD2F-DD7935E5ED75}.Release|Any CPU.Build.0 = Release|Any CPU
		{677C3AE5-E075-4054-97D1-844F60202D13}.Debug|Any CPU.ActiveCfg = Debug|Any CPU
		{677C3AE5-E075-4054-97D1-844F60202D13}.Debug|Any CPU.Build.0 = Debug|Any CPU
		{677C3AE5-E075-4054-97D1-844F60202D13}.Release|Any CPU.ActiveCfg = Release|Any CPU
		{677C3AE5-E075-4054-97D1-844F60202D13}.Release|Any CPU.Build.0 = Release|Any CPU
		{4D2E3BC6-A025-426C-9376-548171E707EC}.Debug|Any CPU.ActiveCfg = Debug|Any CPU
		{4D2E3BC6-A025-426C-9376-548171E707EC}.Debug|Any CPU.Build.0 = Debug|Any CPU
		{4D2E3BC6-A025-426C-9376-548171E707EC}.Release|Any CPU.ActiveCfg = Release|Any CPU
		{4D2E3BC6-A025-426C-9376-548171E707EC}.Release|Any CPU.Build.0 = Release|Any CPU
		{BE725616-6B31-4C57-BB01-5C13064CD84E}.Debug|Any CPU.ActiveCfg = Debug|Any CPU
		{BE725616-6B31-4C57-BB01-5C13064CD84E}.Debug|Any CPU.Build.0 = Debug|Any CPU
		{BE725616-6B31-4C57-BB01-5C13064CD84E}.Release|Any CPU.ActiveCfg = Release|Any CPU
		{BE725616-6B31-4C57-BB01-5C13064CD84E}.Release|Any CPU.Build.0 = Release|Any CPU
		{134FC875-93DB-4E81-A544-8BD93FC47422}.Debug|Any CPU.ActiveCfg = Debug|Any CPU
		{134FC875-93DB-4E81-A544-8BD93FC47422}.Debug|Any CPU.Build.0 = Debug|Any CPU
		{134FC875-93DB-4E81-A544-8BD93FC47422}.Release|Any CPU.ActiveCfg = Release|Any CPU
		{134FC875-93DB-4E81-A544-8BD93FC47422}.Release|Any CPU.Build.0 = Release|Any CPU
		{19A56006-3C0B-4492-A182-A24EF737E100}.Debug|Any CPU.ActiveCfg = Debug|Any CPU
		{19A56006-3C0B-4492-A182-A24EF737E100}.Debug|Any CPU.Build.0 = Debug|Any CPU
		{19A56006-3C0B-4492-A182-A24EF737E100}.Release|Any CPU.ActiveCfg = Release|Any CPU
		{19A56006-3C0B-4492-A182-A24EF737E100}.Release|Any CPU.Build.0 = Release|Any CPU
		{8CB0CB61-9ECE-4CF7-8E8E-0407FE15917D}.Debug|Any CPU.ActiveCfg = Debug|Any CPU
		{8CB0CB61-9ECE-4CF7-8E8E-0407FE15917D}.Debug|Any CPU.Build.0 = Debug|Any CPU
		{8CB0CB61-9ECE-4CF7-8E8E-0407FE15917D}.Release|Any CPU.ActiveCfg = Release|Any CPU
		{8CB0CB61-9ECE-4CF7-8E8E-0407FE15917D}.Release|Any CPU.Build.0 = Release|Any CPU
		{68CB63F8-FAE1-494E-AB41-0893C2933F76}.Debug|Any CPU.ActiveCfg = Debug|Any CPU
		{68CB63F8-FAE1-494E-AB41-0893C2933F76}.Debug|Any CPU.Build.0 = Debug|Any CPU
		{68CB63F8-FAE1-494E-AB41-0893C2933F76}.Release|Any CPU.ActiveCfg = Release|Any CPU
		{68CB63F8-FAE1-494E-AB41-0893C2933F76}.Release|Any CPU.Build.0 = Release|Any CPU
		{B800562F-20A0-4D4B-B445-6FCAE141270D}.Debug|Any CPU.ActiveCfg = Debug|Any CPU
		{B800562F-20A0-4D4B-B445-6FCAE141270D}.Debug|Any CPU.Build.0 = Debug|Any CPU
		{B800562F-20A0-4D4B-B445-6FCAE141270D}.Release|Any CPU.ActiveCfg = Release|Any CPU
		{B800562F-20A0-4D4B-B445-6FCAE141270D}.Release|Any CPU.Build.0 = Release|Any CPU
		{C64E26EA-1708-4CD2-9A50-D3DE1568B27C}.Debug|Any CPU.ActiveCfg = Debug|Any CPU
		{C64E26EA-1708-4CD2-9A50-D3DE1568B27C}.Debug|Any CPU.Build.0 = Debug|Any CPU
		{C64E26EA-1708-4CD2-9A50-D3DE1568B27C}.Release|Any CPU.ActiveCfg = Release|Any CPU
		{C64E26EA-1708-4CD2-9A50-D3DE1568B27C}.Release|Any CPU.Build.0 = Release|Any CPU
	EndGlobalSection
	GlobalSection(SolutionProperties) = preSolution
		HideSolutionNode = FALSE
	EndGlobalSection
	GlobalSection(ExtensibilityGlobals) = postSolution
		SolutionGuid = {5E1920BB-4B1B-4F59-B1A0-44C63EAF6873}
	EndGlobalSection
EndGlobal
