
Microsoft Visual Studio Solution File, Format Version 12.00
# Visual Studio Version 17
VisualStudioVersion = 17.6.33723.286
MinimumVisualStudioVersion = 10.0.40219.1
Project("{9A19103F-16F7-4668-BE54-9A1E7A4F7556}") = "L01.DeclaringInvoking", "L01.DeclaringInvoking\L01.DeclaringInvoking.csproj", "{B1239EBE-24C7-4244-94CA-4768F60E11D5}"
EndProject
Project("{9A19103F-16F7-4668-BE54-9A1E7A4F7556}") = "L02.Grades", "L02.Grades\L02.Grades.csproj", "{CE233518-284C-4625-9859-F4A16D961F93}"
EndProject
Project("{9A19103F-16F7-4668-BE54-9A1E7A4F7556}") = "L03.Calculations", "L03.Calculations\L03.Calculations.csproj", "{3934E2A1-4AF4-4139-99CE-54232AA83024}"
EndProject
Project("{9A19103F-16F7-4668-BE54-9A1E7A4F7556}") = "L04.PrintingTriangle", "L04.PrintingTriangle\L04.PrintingTriangle.csproj", "{D9233B05-3287-4B99-B53D-18C4B3934BE8}"
EndProject
Project("{9A19103F-16F7-4668-BE54-9A1E7A4F7556}") = "L05.Orders", "L05.Orders\L05.Orders.csproj", "{FB002DC1-3136-401E-BC0A-4321709834AE}"
EndProject
Project("{9A19103F-16F7-4668-BE54-9A1E7A4F7556}") = "L06.CalculateRectangleArea", "L06.CalculateRectangleArea\L06.CalculateRectangleArea.csproj", "{D6A63FF1-3C19-4537-BA04-9FB29E642945}"
EndProject
Project("{9A19103F-16F7-4668-BE54-9A1E7A4F7556}") = "L07.RepeatString", "L07.RepeatString\L07.RepeatString.csproj", "{B3132783-2D41-428B-AD0D-836525F0F260}"
EndProject
Project("{9A19103F-16F7-4668-BE54-9A1E7A4F7556}") = "L08.MathPower", "L08.MathPower\L08.MathPower.csproj", "{24B5414A-DB29-42B0-B2C3-50E595E933C2}"
EndProject
Project("{9A19103F-16F7-4668-BE54-9A1E7A4F7556}") = "L09.GreaterOfTwoValues", "L09.GreaterOfTwoValues\L09.GreaterOfTwoValues.csproj", "{FEF8D2C7-5EB8-451F-8DBD-4FD0BEADD892}"
EndProject
Project("{9A19103F-16F7-4668-BE54-9A1E7A4F7556}") = "L10.MultiplyEvensByOdds", "L10.MultiplyEvensByOdds\L10.MultiplyEvensByOdds.csproj", "{6858D386-F815-46A4-A371-02ADA25EEE6D}"
EndProject
Project("{9A19103F-16F7-4668-BE54-9A1E7A4F7556}") = "L11.MathOperations", "L11.MathOperations\L11.MathOperations.csproj", "{1E451252-59AD-4C53-9425-4247FD311FAA}"
EndProject
Project("{9A19103F-16F7-4668-BE54-9A1E7A4F7556}") = "E01.SmallestOfThreeNumbers", "E01.SmallestOfThreeNumbers\E01.SmallestOfThreeNumbers.csproj", "{244B7937-6FF0-4940-B65B-05B24EC57DE4}"
EndProject
Project("{9A19103F-16F7-4668-BE54-9A1E7A4F7556}") = "E02.VowelsCount", "E02.VowelsCount\E02.VowelsCount.csproj", "{3AD51516-6A59-4605-A2D9-9E881B9B0BA7}"
EndProject
Project("{9A19103F-16F7-4668-BE54-9A1E7A4F7556}") = "E03.CharactersInRange", "E03.CharactersInRange\E03.CharactersInRange.csproj", "{7362970C-1B15-4593-831D-509645C71A86}"
EndProject
Project("{9A19103F-16F7-4668-BE54-9A1E7A4F7556}") = "E04.PasswordValidator", "E04.PasswordValidator\E04.PasswordValidator.csproj", "{2CDD3FF1-8548-440A-9E91-BC124618AD1F}"
EndProject
Project("{9A19103F-16F7-4668-BE54-9A1E7A4F7556}") = "E05.AddSubtract", "E05.AddSubtract\E05.AddSubtract.csproj", "{669043BE-AED1-45E0-B9EC-EB77845B73A8}"
EndProject
Project("{9A19103F-16F7-4668-BE54-9A1E7A4F7556}") = "E06.MiddleCharacters", "E06.MiddleCharacters\E06.MiddleCharacters.csproj", "{5815EE0C-325D-4E20-9108-5E4EE2071462}"
EndProject
Project("{9A19103F-16F7-4668-BE54-9A1E7A4F7556}") = "E07.NxNMatrix", "E07.NxNMatrix\E07.NxNMatrix.csproj", "{CDC3BEEF-E3B5-4327-9509-7291F9ACD887}"
EndProject
Project("{9A19103F-16F7-4668-BE54-9A1E7A4F7556}") = "E08.FactorialDivision", "E08.FactorialDivision\E08.FactorialDivision.csproj", "{C33A71D7-D850-4420-B968-68E2B34C2933}"
EndProject
Project("{9A19103F-16F7-4668-BE54-9A1E7A4F7556}") = "E09.PalindromeIntegers", "E09.PalindromeIntegers\E09.PalindromeIntegers.csproj", "{0162349A-FF18-44FB-A472-18DB1167ABB8}"
EndProject
Project("{9A19103F-16F7-4668-BE54-9A1E7A4F7556}") = "E10.TopNumber", "E10.TopNumber\E10.TopNumber.csproj", "{FFFD41AE-4333-439D-AABE-0D63DBC13227}"
EndProject
Project("{9A19103F-16F7-4668-BE54-9A1E7A4F7556}") = "E11.ArrayManipulator", "E11.ArrayManipulator\E11.ArrayManipulator.csproj", "{4881199F-BDCC-4971-A862-53662EC32C9A}"
EndProject
Project("{9A19103F-16F7-4668-BE54-9A1E7A4F7556}") = "M01.DataTypes", "M01.DataTypes\M01.DataTypes.csproj", "{3FA83ED6-A4CB-4843-B07D-1C676E3E7237}"
EndProject
Project("{9A19103F-16F7-4668-BE54-9A1E7A4F7556}") = "M02.CenterPoint", "M02.CenterPoint\M02.CenterPoint.csproj", "{943194BC-D5C6-4A08-89CD-12996396367A}"
EndProject
Project("{9A19103F-16F7-4668-BE54-9A1E7A4F7556}") = "M03.LongerLine", "M03.LongerLine\M03.LongerLine.csproj", "{B3C11406-AE41-4FFE-AEF5-E124D6BDB186}"
EndProject
Project("{9A19103F-16F7-4668-BE54-9A1E7A4F7556}") = "M04.TribonacciSequence", "M04.TribonacciSequence\M04.TribonacciSequence.csproj", "{8DB275D5-A9FC-484F-AD61-4AB0C36015E9}"
EndProject
Project("{FAE04EC0-301F-11D3-BF4B-00C04F79EFBC}") = "M05.MultiplicationSign", "M05.MultiplicationSign\M05.MultiplicationSign.csproj", "{DFE105AF-E7CF-446E-8852-ED7FCABECDDC}"
EndProject
Global
	GlobalSection(SolutionConfigurationPlatforms) = preSolution
		Debug|Any CPU = Debug|Any CPU
		Release|Any CPU = Release|Any CPU
	EndGlobalSection
	GlobalSection(ProjectConfigurationPlatforms) = postSolution
		{B1239EBE-24C7-4244-94CA-4768F60E11D5}.Debug|Any CPU.ActiveCfg = Debug|Any CPU
		{B1239EBE-24C7-4244-94CA-4768F60E11D5}.Debug|Any CPU.Build.0 = Debug|Any CPU
		{B1239EBE-24C7-4244-94CA-4768F60E11D5}.Release|Any CPU.ActiveCfg = Release|Any CPU
		{B1239EBE-24C7-4244-94CA-4768F60E11D5}.Release|Any CPU.Build.0 = Release|Any CPU
		{CE233518-284C-4625-9859-F4A16D961F93}.Debug|Any CPU.ActiveCfg = Debug|Any CPU
		{CE233518-284C-4625-9859-F4A16D961F93}.Debug|Any CPU.Build.0 = Debug|Any CPU
		{CE233518-284C-4625-9859-F4A16D961F93}.Release|Any CPU.ActiveCfg = Release|Any CPU
		{CE233518-284C-4625-9859-F4A16D961F93}.Release|Any CPU.Build.0 = Release|Any CPU
		{3934E2A1-4AF4-4139-99CE-54232AA83024}.Debug|Any CPU.ActiveCfg = Debug|Any CPU
		{3934E2A1-4AF4-4139-99CE-54232AA83024}.Debug|Any CPU.Build.0 = Debug|Any CPU
		{3934E2A1-4AF4-4139-99CE-54232AA83024}.Release|Any CPU.ActiveCfg = Release|Any CPU
		{3934E2A1-4AF4-4139-99CE-54232AA83024}.Release|Any CPU.Build.0 = Release|Any CPU
		{D9233B05-3287-4B99-B53D-18C4B3934BE8}.Debug|Any CPU.ActiveCfg = Debug|Any CPU
		{D9233B05-3287-4B99-B53D-18C4B3934BE8}.Debug|Any CPU.Build.0 = Debug|Any CPU
		{D9233B05-3287-4B99-B53D-18C4B3934BE8}.Release|Any CPU.ActiveCfg = Release|Any CPU
		{D9233B05-3287-4B99-B53D-18C4B3934BE8}.Release|Any CPU.Build.0 = Release|Any CPU
		{FB002DC1-3136-401E-BC0A-4321709834AE}.Debug|Any CPU.ActiveCfg = Debug|Any CPU
		{FB002DC1-3136-401E-BC0A-4321709834AE}.Debug|Any CPU.Build.0 = Debug|Any CPU
		{FB002DC1-3136-401E-BC0A-4321709834AE}.Release|Any CPU.ActiveCfg = Release|Any CPU
		{FB002DC1-3136-401E-BC0A-4321709834AE}.Release|Any CPU.Build.0 = Release|Any CPU
		{D6A63FF1-3C19-4537-BA04-9FB29E642945}.Debug|Any CPU.ActiveCfg = Debug|Any CPU
		{D6A63FF1-3C19-4537-BA04-9FB29E642945}.Debug|Any CPU.Build.0 = Debug|Any CPU
		{D6A63FF1-3C19-4537-BA04-9FB29E642945}.Release|Any CPU.ActiveCfg = Release|Any CPU
		{D6A63FF1-3C19-4537-BA04-9FB29E642945}.Release|Any CPU.Build.0 = Release|Any CPU
		{B3132783-2D41-428B-AD0D-836525F0F260}.Debug|Any CPU.ActiveCfg = Debug|Any CPU
		{B3132783-2D41-428B-AD0D-836525F0F260}.Debug|Any CPU.Build.0 = Debug|Any CPU
		{B3132783-2D41-428B-AD0D-836525F0F260}.Release|Any CPU.ActiveCfg = Release|Any CPU
		{B3132783-2D41-428B-AD0D-836525F0F260}.Release|Any CPU.Build.0 = Release|Any CPU
		{24B5414A-DB29-42B0-B2C3-50E595E933C2}.Debug|Any CPU.ActiveCfg = Debug|Any CPU
		{24B5414A-DB29-42B0-B2C3-50E595E933C2}.Debug|Any CPU.Build.0 = Debug|Any CPU
		{24B5414A-DB29-42B0-B2C3-50E595E933C2}.Release|Any CPU.ActiveCfg = Release|Any CPU
		{24B5414A-DB29-42B0-B2C3-50E595E933C2}.Release|Any CPU.Build.0 = Release|Any CPU
		{FEF8D2C7-5EB8-451F-8DBD-4FD0BEADD892}.Debug|Any CPU.ActiveCfg = Debug|Any CPU
		{FEF8D2C7-5EB8-451F-8DBD-4FD0BEADD892}.Debug|Any CPU.Build.0 = Debug|Any CPU
		{FEF8D2C7-5EB8-451F-8DBD-4FD0BEADD892}.Release|Any CPU.ActiveCfg = Release|Any CPU
		{FEF8D2C7-5EB8-451F-8DBD-4FD0BEADD892}.Release|Any CPU.Build.0 = Release|Any CPU
		{6858D386-F815-46A4-A371-02ADA25EEE6D}.Debug|Any CPU.ActiveCfg = Debug|Any CPU
		{6858D386-F815-46A4-A371-02ADA25EEE6D}.Debug|Any CPU.Build.0 = Debug|Any CPU
		{6858D386-F815-46A4-A371-02ADA25EEE6D}.Release|Any CPU.ActiveCfg = Release|Any CPU
		{6858D386-F815-46A4-A371-02ADA25EEE6D}.Release|Any CPU.Build.0 = Release|Any CPU
		{1E451252-59AD-4C53-9425-4247FD311FAA}.Debug|Any CPU.ActiveCfg = Debug|Any CPU
		{1E451252-59AD-4C53-9425-4247FD311FAA}.Debug|Any CPU.Build.0 = Debug|Any CPU
		{1E451252-59AD-4C53-9425-4247FD311FAA}.Release|Any CPU.ActiveCfg = Release|Any CPU
		{1E451252-59AD-4C53-9425-4247FD311FAA}.Release|Any CPU.Build.0 = Release|Any CPU
		{244B7937-6FF0-4940-B65B-05B24EC57DE4}.Debug|Any CPU.ActiveCfg = Debug|Any CPU
		{244B7937-6FF0-4940-B65B-05B24EC57DE4}.Debug|Any CPU.Build.0 = Debug|Any CPU
		{244B7937-6FF0-4940-B65B-05B24EC57DE4}.Release|Any CPU.ActiveCfg = Release|Any CPU
		{244B7937-6FF0-4940-B65B-05B24EC57DE4}.Release|Any CPU.Build.0 = Release|Any CPU
		{3AD51516-6A59-4605-A2D9-9E881B9B0BA7}.Debug|Any CPU.ActiveCfg = Debug|Any CPU
		{3AD51516-6A59-4605-A2D9-9E881B9B0BA7}.Debug|Any CPU.Build.0 = Debug|Any CPU
		{3AD51516-6A59-4605-A2D9-9E881B9B0BA7}.Release|Any CPU.ActiveCfg = Release|Any CPU
		{3AD51516-6A59-4605-A2D9-9E881B9B0BA7}.Release|Any CPU.Build.0 = Release|Any CPU
		{7362970C-1B15-4593-831D-509645C71A86}.Debug|Any CPU.ActiveCfg = Debug|Any CPU
		{7362970C-1B15-4593-831D-509645C71A86}.Debug|Any CPU.Build.0 = Debug|Any CPU
		{7362970C-1B15-4593-831D-509645C71A86}.Release|Any CPU.ActiveCfg = Release|Any CPU
		{7362970C-1B15-4593-831D-509645C71A86}.Release|Any CPU.Build.0 = Release|Any CPU
		{2CDD3FF1-8548-440A-9E91-BC124618AD1F}.Debug|Any CPU.ActiveCfg = Debug|Any CPU
		{2CDD3FF1-8548-440A-9E91-BC124618AD1F}.Debug|Any CPU.Build.0 = Debug|Any CPU
		{2CDD3FF1-8548-440A-9E91-BC124618AD1F}.Release|Any CPU.ActiveCfg = Release|Any CPU
		{2CDD3FF1-8548-440A-9E91-BC124618AD1F}.Release|Any CPU.Build.0 = Release|Any CPU
		{669043BE-AED1-45E0-B9EC-EB77845B73A8}.Debug|Any CPU.ActiveCfg = Debug|Any CPU
		{669043BE-AED1-45E0-B9EC-EB77845B73A8}.Debug|Any CPU.Build.0 = Debug|Any CPU
		{669043BE-AED1-45E0-B9EC-EB77845B73A8}.Release|Any CPU.ActiveCfg = Release|Any CPU
		{669043BE-AED1-45E0-B9EC-EB77845B73A8}.Release|Any CPU.Build.0 = Release|Any CPU
		{5815EE0C-325D-4E20-9108-5E4EE2071462}.Debug|Any CPU.ActiveCfg = Debug|Any CPU
		{5815EE0C-325D-4E20-9108-5E4EE2071462}.Debug|Any CPU.Build.0 = Debug|Any CPU
		{5815EE0C-325D-4E20-9108-5E4EE2071462}.Release|Any CPU.ActiveCfg = Release|Any CPU
		{5815EE0C-325D-4E20-9108-5E4EE2071462}.Release|Any CPU.Build.0 = Release|Any CPU
		{CDC3BEEF-E3B5-4327-9509-7291F9ACD887}.Debug|Any CPU.ActiveCfg = Debug|Any CPU
		{CDC3BEEF-E3B5-4327-9509-7291F9ACD887}.Debug|Any CPU.Build.0 = Debug|Any CPU
		{CDC3BEEF-E3B5-4327-9509-7291F9ACD887}.Release|Any CPU.ActiveCfg = Release|Any CPU
		{CDC3BEEF-E3B5-4327-9509-7291F9ACD887}.Release|Any CPU.Build.0 = Release|Any CPU
		{C33A71D7-D850-4420-B968-68E2B34C2933}.Debug|Any CPU.ActiveCfg = Debug|Any CPU
		{C33A71D7-D850-4420-B968-68E2B34C2933}.Debug|Any CPU.Build.0 = Debug|Any CPU
		{C33A71D7-D850-4420-B968-68E2B34C2933}.Release|Any CPU.ActiveCfg = Release|Any CPU
		{C33A71D7-D850-4420-B968-68E2B34C2933}.Release|Any CPU.Build.0 = Release|Any CPU
		{0162349A-FF18-44FB-A472-18DB1167ABB8}.Debug|Any CPU.ActiveCfg = Debug|Any CPU
		{0162349A-FF18-44FB-A472-18DB1167ABB8}.Debug|Any CPU.Build.0 = Debug|Any CPU
		{0162349A-FF18-44FB-A472-18DB1167ABB8}.Release|Any CPU.ActiveCfg = Release|Any CPU
		{0162349A-FF18-44FB-A472-18DB1167ABB8}.Release|Any CPU.Build.0 = Release|Any CPU
		{FFFD41AE-4333-439D-AABE-0D63DBC13227}.Debug|Any CPU.ActiveCfg = Debug|Any CPU
		{FFFD41AE-4333-439D-AABE-0D63DBC13227}.Debug|Any CPU.Build.0 = Debug|Any CPU
		{FFFD41AE-4333-439D-AABE-0D63DBC13227}.Release|Any CPU.ActiveCfg = Release|Any CPU
		{FFFD41AE-4333-439D-AABE-0D63DBC13227}.Release|Any CPU.Build.0 = Release|Any CPU
		{4881199F-BDCC-4971-A862-53662EC32C9A}.Debug|Any CPU.ActiveCfg = Debug|Any CPU
		{4881199F-BDCC-4971-A862-53662EC32C9A}.Debug|Any CPU.Build.0 = Debug|Any CPU
		{4881199F-BDCC-4971-A862-53662EC32C9A}.Release|Any CPU.ActiveCfg = Release|Any CPU
		{4881199F-BDCC-4971-A862-53662EC32C9A}.Release|Any CPU.Build.0 = Release|Any CPU
		{3FA83ED6-A4CB-4843-B07D-1C676E3E7237}.Debug|Any CPU.ActiveCfg = Debug|Any CPU
		{3FA83ED6-A4CB-4843-B07D-1C676E3E7237}.Debug|Any CPU.Build.0 = Debug|Any CPU
		{3FA83ED6-A4CB-4843-B07D-1C676E3E7237}.Release|Any CPU.ActiveCfg = Release|Any CPU
		{3FA83ED6-A4CB-4843-B07D-1C676E3E7237}.Release|Any CPU.Build.0 = Release|Any CPU
		{943194BC-D5C6-4A08-89CD-12996396367A}.Debug|Any CPU.ActiveCfg = Debug|Any CPU
		{943194BC-D5C6-4A08-89CD-12996396367A}.Debug|Any CPU.Build.0 = Debug|Any CPU
		{943194BC-D5C6-4A08-89CD-12996396367A}.Release|Any CPU.ActiveCfg = Release|Any CPU
		{943194BC-D5C6-4A08-89CD-12996396367A}.Release|Any CPU.Build.0 = Release|Any CPU
		{B3C11406-AE41-4FFE-AEF5-E124D6BDB186}.Debug|Any CPU.ActiveCfg = Debug|Any CPU
		{B3C11406-AE41-4FFE-AEF5-E124D6BDB186}.Debug|Any CPU.Build.0 = Debug|Any CPU
		{B3C11406-AE41-4FFE-AEF5-E124D6BDB186}.Release|Any CPU.ActiveCfg = Release|Any CPU
		{B3C11406-AE41-4FFE-AEF5-E124D6BDB186}.Release|Any CPU.Build.0 = Release|Any CPU
		{8DB275D5-A9FC-484F-AD61-4AB0C36015E9}.Debug|Any CPU.ActiveCfg = Debug|Any CPU
		{8DB275D5-A9FC-484F-AD61-4AB0C36015E9}.Debug|Any CPU.Build.0 = Debug|Any CPU
		{8DB275D5-A9FC-484F-AD61-4AB0C36015E9}.Release|Any CPU.ActiveCfg = Release|Any CPU
		{8DB275D5-A9FC-484F-AD61-4AB0C36015E9}.Release|Any CPU.Build.0 = Release|Any CPU
		{DFE105AF-E7CF-446E-8852-ED7FCABECDDC}.Debug|Any CPU.ActiveCfg = Debug|Any CPU
		{DFE105AF-E7CF-446E-8852-ED7FCABECDDC}.Debug|Any CPU.Build.0 = Debug|Any CPU
		{DFE105AF-E7CF-446E-8852-ED7FCABECDDC}.Release|Any CPU.ActiveCfg = Release|Any CPU
		{DFE105AF-E7CF-446E-8852-ED7FCABECDDC}.Release|Any CPU.Build.0 = Release|Any CPU
	EndGlobalSection
	GlobalSection(SolutionProperties) = preSolution
		HideSolutionNode = FALSE
	EndGlobalSection
	GlobalSection(ExtensibilityGlobals) = postSolution
		SolutionGuid = {C14DE113-1BF2-47D3-BC06-1B521DBECA9B}
	EndGlobalSection
EndGlobal
