
Microsoft Visual Studio Solution File, Format Version 12.00
# Visual Studio Version 17
VisualStudioVersion = 17.6.33723.286
MinimumVisualStudioVersion = 10.0.40219.1
Project("{9A19103F-16F7-4668-BE54-9A1E7A4F7556}") = "L01.SumAdjacentEqualNumbers", "L01.SumAdjacentEqualNumbers\L01.SumAdjacentEqualNumbers.csproj", "{F9EEDA72-5088-4C83-AC7F-79855DEE3E65}"
EndProject
Project("{9A19103F-16F7-4668-BE54-9A1E7A4F7556}") = "L02.GaussTrick", "L02.GaussTrick\L02.GaussTrick.csproj", "{9919229A-CB31-43DC-A857-1FEC97DCC426}"
EndProject
Project("{9A19103F-16F7-4668-BE54-9A1E7A4F7556}") = "L03.MergingLists", "L03.MergingLists\L03.MergingLists.csproj", "{A313416F-A992-47CF-B933-D7B216385868}"
EndProject
Project("{9A19103F-16F7-4668-BE54-9A1E7A4F7556}") = "L04.ListOfProducts", "L04.ListOfProducts\L04.ListOfProducts.csproj", "{6066C797-D286-49B5-8EC8-BC188AD9F9FE}"
EndProject
Project("{9A19103F-16F7-4668-BE54-9A1E7A4F7556}") = "L05.RemoveNegativesAndReverse", "L05.RemoveNegativesAndReverse\L05.RemoveNegativesAndReverse.csproj", "{C4DE48CF-DD1E-491A-B3A3-3C09BFE41620}"
EndProject
Project("{9A19103F-16F7-4668-BE54-9A1E7A4F7556}") = "L06.ListManipulationBasics", "L06. List Manipulation Basics\L06.ListManipulationBasics.csproj", "{007B6ADC-41D5-4A3A-8AE8-449C57B3BF80}"
EndProject
Project("{9A19103F-16F7-4668-BE54-9A1E7A4F7556}") = "L07.ListManipulationAdvanced", "L07.ListManipulationAdvanced\L07.ListManipulationAdvanced.csproj", "{AD08B567-02EF-4CF8-B55E-1FF8FF8471A7}"
EndProject
Project("{9A19103F-16F7-4668-BE54-9A1E7A4F7556}") = "E01.Train", "E01Train\E01.Train.csproj", "{D444E81A-4DD2-4625-9C4E-E45B106462DE}"
EndProject
Project("{9A19103F-16F7-4668-BE54-9A1E7A4F7556}") = "E02.ChangeList", "E02.ChangeList\E02.ChangeList.csproj", "{D756FEFB-F49F-4FA2-BC5D-77DD25750335}"
EndProject
Project("{9A19103F-16F7-4668-BE54-9A1E7A4F7556}") = "E03.HouseParty", "E03.HouseParty\E03.HouseParty.csproj", "{9C33899F-1BAA-4D02-BF25-D8F6EE1535E5}"
EndProject
Project("{9A19103F-16F7-4668-BE54-9A1E7A4F7556}") = "E04.ListOperations", "E04.ListOperations\E04.ListOperations.csproj", "{DD433E41-1FFA-4E90-A45F-9E84ABDC0B51}"
EndProject
Project("{9A19103F-16F7-4668-BE54-9A1E7A4F7556}") = "E05.BombNumbers", "E05.BombNumbers\E05.BombNumbers.csproj", "{9AE11449-2F50-4CEC-81C6-ED0D795C18CB}"
EndProject
Project("{FAE04EC0-301F-11D3-BF4B-00C04F79EFBC}") = "E06.CardsGame", "E06.CardsGame\E06.CardsGame.csproj", "{410AD8D9-A1A7-4C37-8CB7-9CA2C899E6F9}"
EndProject
Project("{FAE04EC0-301F-11D3-BF4B-00C04F79EFBC}") = "E07.AppendArrays", "E07.AppendArrays\E07.AppendArrays.csproj", "{974F7CDC-6587-4F5B-B3B0-DD68DEDC0D6F}"
EndProject
Project("{FAE04EC0-301F-11D3-BF4B-00C04F79EFBC}") = "E08.AnonymousThreat", "E08.AnonymousThreat\E08.AnonymousThreat.csproj", "{03630F87-3DC3-47B6-BE51-56E28BAFBC72}"
EndProject
Project("{FAE04EC0-301F-11D3-BF4B-00C04F79EFBC}") = "E09.PokemonDontGo", "E09.PokemonDontGo\E09.PokemonDontGo.csproj", "{D054A1C5-4282-4995-920E-E36639C1A22C}"
EndProject
Project("{FAE04EC0-301F-11D3-BF4B-00C04F79EFBC}") = "E10.SoftUniCoursePlanning", "E10.SoftUniCoursePlanning\E10.SoftUniCoursePlanning.csproj", "{52AD70D9-772D-4CCE-A39A-284566A54BFA}"
EndProject
Project("{FAE04EC0-301F-11D3-BF4B-00C04F79EFBC}") = "M01.Messaging", "M01.Messaging\M01.Messaging.csproj", "{550E6111-B49C-4976-975B-3A740B619C5F}"
EndProject
Project("{FAE04EC0-301F-11D3-BF4B-00C04F79EFBC}") = "M02.CarRace", "M02.CarRace\M02.CarRace.csproj", "{28813AE0-DB25-418A-AA38-DBAE10DD9D3D}"
EndProject
Project("{FAE04EC0-301F-11D3-BF4B-00C04F79EFBC}") = "M03.TakeSkipRope", "M03.TakeSkipRope\M03.TakeSkipRope.csproj", "{5129DB5F-A6FF-4AC3-8A35-9A53CA36926E}"
EndProject
Project("{FAE04EC0-301F-11D3-BF4B-00C04F79EFBC}") = "M04.MixedUpLists", "M04.MixedUpLists\M04.MixedUpLists.csproj", "{EA411FF5-8749-4102-8332-07FE47132F48}"
EndProject
Global
	GlobalSection(SolutionConfigurationPlatforms) = preSolution
		Debug|Any CPU = Debug|Any CPU
		Release|Any CPU = Release|Any CPU
	EndGlobalSection
	GlobalSection(ProjectConfigurationPlatforms) = postSolution
		{F9EEDA72-5088-4C83-AC7F-79855DEE3E65}.Debug|Any CPU.ActiveCfg = Debug|Any CPU
		{F9EEDA72-5088-4C83-AC7F-79855DEE3E65}.Debug|Any CPU.Build.0 = Debug|Any CPU
		{F9EEDA72-5088-4C83-AC7F-79855DEE3E65}.Release|Any CPU.ActiveCfg = Release|Any CPU
		{F9EEDA72-5088-4C83-AC7F-79855DEE3E65}.Release|Any CPU.Build.0 = Release|Any CPU
		{9919229A-CB31-43DC-A857-1FEC97DCC426}.Debug|Any CPU.ActiveCfg = Debug|Any CPU
		{9919229A-CB31-43DC-A857-1FEC97DCC426}.Debug|Any CPU.Build.0 = Debug|Any CPU
		{9919229A-CB31-43DC-A857-1FEC97DCC426}.Release|Any CPU.ActiveCfg = Release|Any CPU
		{9919229A-CB31-43DC-A857-1FEC97DCC426}.Release|Any CPU.Build.0 = Release|Any CPU
		{A313416F-A992-47CF-B933-D7B216385868}.Debug|Any CPU.ActiveCfg = Debug|Any CPU
		{A313416F-A992-47CF-B933-D7B216385868}.Debug|Any CPU.Build.0 = Debug|Any CPU
		{A313416F-A992-47CF-B933-D7B216385868}.Release|Any CPU.ActiveCfg = Release|Any CPU
		{A313416F-A992-47CF-B933-D7B216385868}.Release|Any CPU.Build.0 = Release|Any CPU
		{6066C797-D286-49B5-8EC8-BC188AD9F9FE}.Debug|Any CPU.ActiveCfg = Debug|Any CPU
		{6066C797-D286-49B5-8EC8-BC188AD9F9FE}.Debug|Any CPU.Build.0 = Debug|Any CPU
		{6066C797-D286-49B5-8EC8-BC188AD9F9FE}.Release|Any CPU.ActiveCfg = Release|Any CPU
		{6066C797-D286-49B5-8EC8-BC188AD9F9FE}.Release|Any CPU.Build.0 = Release|Any CPU
		{C4DE48CF-DD1E-491A-B3A3-3C09BFE41620}.Debug|Any CPU.ActiveCfg = Debug|Any CPU
		{C4DE48CF-DD1E-491A-B3A3-3C09BFE41620}.Debug|Any CPU.Build.0 = Debug|Any CPU
		{C4DE48CF-DD1E-491A-B3A3-3C09BFE41620}.Release|Any CPU.ActiveCfg = Release|Any CPU
		{C4DE48CF-DD1E-491A-B3A3-3C09BFE41620}.Release|Any CPU.Build.0 = Release|Any CPU
		{007B6ADC-41D5-4A3A-8AE8-449C57B3BF80}.Debug|Any CPU.ActiveCfg = Debug|Any CPU
		{007B6ADC-41D5-4A3A-8AE8-449C57B3BF80}.Debug|Any CPU.Build.0 = Debug|Any CPU
		{007B6ADC-41D5-4A3A-8AE8-449C57B3BF80}.Release|Any CPU.ActiveCfg = Release|Any CPU
		{007B6ADC-41D5-4A3A-8AE8-449C57B3BF80}.Release|Any CPU.Build.0 = Release|Any CPU
		{AD08B567-02EF-4CF8-B55E-1FF8FF8471A7}.Debug|Any CPU.ActiveCfg = Debug|Any CPU
		{AD08B567-02EF-4CF8-B55E-1FF8FF8471A7}.Debug|Any CPU.Build.0 = Debug|Any CPU
		{AD08B567-02EF-4CF8-B55E-1FF8FF8471A7}.Release|Any CPU.ActiveCfg = Release|Any CPU
		{AD08B567-02EF-4CF8-B55E-1FF8FF8471A7}.Release|Any CPU.Build.0 = Release|Any CPU
		{D444E81A-4DD2-4625-9C4E-E45B106462DE}.Debug|Any CPU.ActiveCfg = Debug|Any CPU
		{D444E81A-4DD2-4625-9C4E-E45B106462DE}.Debug|Any CPU.Build.0 = Debug|Any CPU
		{D444E81A-4DD2-4625-9C4E-E45B106462DE}.Release|Any CPU.ActiveCfg = Release|Any CPU
		{D444E81A-4DD2-4625-9C4E-E45B106462DE}.Release|Any CPU.Build.0 = Release|Any CPU
		{D756FEFB-F49F-4FA2-BC5D-77DD25750335}.Debug|Any CPU.ActiveCfg = Debug|Any CPU
		{D756FEFB-F49F-4FA2-BC5D-77DD25750335}.Debug|Any CPU.Build.0 = Debug|Any CPU
		{D756FEFB-F49F-4FA2-BC5D-77DD25750335}.Release|Any CPU.ActiveCfg = Release|Any CPU
		{D756FEFB-F49F-4FA2-BC5D-77DD25750335}.Release|Any CPU.Build.0 = Release|Any CPU
		{9C33899F-1BAA-4D02-BF25-D8F6EE1535E5}.Debug|Any CPU.ActiveCfg = Debug|Any CPU
		{9C33899F-1BAA-4D02-BF25-D8F6EE1535E5}.Debug|Any CPU.Build.0 = Debug|Any CPU
		{9C33899F-1BAA-4D02-BF25-D8F6EE1535E5}.Release|Any CPU.ActiveCfg = Release|Any CPU
		{9C33899F-1BAA-4D02-BF25-D8F6EE1535E5}.Release|Any CPU.Build.0 = Release|Any CPU
		{DD433E41-1FFA-4E90-A45F-9E84ABDC0B51}.Debug|Any CPU.ActiveCfg = Debug|Any CPU
		{DD433E41-1FFA-4E90-A45F-9E84ABDC0B51}.Debug|Any CPU.Build.0 = Debug|Any CPU
		{DD433E41-1FFA-4E90-A45F-9E84ABDC0B51}.Release|Any CPU.ActiveCfg = Release|Any CPU
		{DD433E41-1FFA-4E90-A45F-9E84ABDC0B51}.Release|Any CPU.Build.0 = Release|Any CPU
		{9AE11449-2F50-4CEC-81C6-ED0D795C18CB}.Debug|Any CPU.ActiveCfg = Debug|Any CPU
		{9AE11449-2F50-4CEC-81C6-ED0D795C18CB}.Debug|Any CPU.Build.0 = Debug|Any CPU
		{9AE11449-2F50-4CEC-81C6-ED0D795C18CB}.Release|Any CPU.ActiveCfg = Release|Any CPU
		{9AE11449-2F50-4CEC-81C6-ED0D795C18CB}.Release|Any CPU.Build.0 = Release|Any CPU
		{410AD8D9-A1A7-4C37-8CB7-9CA2C899E6F9}.Debug|Any CPU.ActiveCfg = Debug|Any CPU
		{410AD8D9-A1A7-4C37-8CB7-9CA2C899E6F9}.Debug|Any CPU.Build.0 = Debug|Any CPU
		{410AD8D9-A1A7-4C37-8CB7-9CA2C899E6F9}.Release|Any CPU.ActiveCfg = Release|Any CPU
		{410AD8D9-A1A7-4C37-8CB7-9CA2C899E6F9}.Release|Any CPU.Build.0 = Release|Any CPU
		{974F7CDC-6587-4F5B-B3B0-DD68DEDC0D6F}.Debug|Any CPU.ActiveCfg = Debug|Any CPU
		{974F7CDC-6587-4F5B-B3B0-DD68DEDC0D6F}.Debug|Any CPU.Build.0 = Debug|Any CPU
		{974F7CDC-6587-4F5B-B3B0-DD68DEDC0D6F}.Release|Any CPU.ActiveCfg = Release|Any CPU
		{974F7CDC-6587-4F5B-B3B0-DD68DEDC0D6F}.Release|Any CPU.Build.0 = Release|Any CPU
		{03630F87-3DC3-47B6-BE51-56E28BAFBC72}.Debug|Any CPU.ActiveCfg = Debug|Any CPU
		{03630F87-3DC3-47B6-BE51-56E28BAFBC72}.Debug|Any CPU.Build.0 = Debug|Any CPU
		{03630F87-3DC3-47B6-BE51-56E28BAFBC72}.Release|Any CPU.ActiveCfg = Release|Any CPU
		{03630F87-3DC3-47B6-BE51-56E28BAFBC72}.Release|Any CPU.Build.0 = Release|Any CPU
		{D054A1C5-4282-4995-920E-E36639C1A22C}.Debug|Any CPU.ActiveCfg = Debug|Any CPU
		{D054A1C5-4282-4995-920E-E36639C1A22C}.Debug|Any CPU.Build.0 = Debug|Any CPU
		{D054A1C5-4282-4995-920E-E36639C1A22C}.Release|Any CPU.ActiveCfg = Release|Any CPU
		{D054A1C5-4282-4995-920E-E36639C1A22C}.Release|Any CPU.Build.0 = Release|Any CPU
		{52AD70D9-772D-4CCE-A39A-284566A54BFA}.Debug|Any CPU.ActiveCfg = Debug|Any CPU
		{52AD70D9-772D-4CCE-A39A-284566A54BFA}.Debug|Any CPU.Build.0 = Debug|Any CPU
		{52AD70D9-772D-4CCE-A39A-284566A54BFA}.Release|Any CPU.ActiveCfg = Release|Any CPU
		{52AD70D9-772D-4CCE-A39A-284566A54BFA}.Release|Any CPU.Build.0 = Release|Any CPU
		{550E6111-B49C-4976-975B-3A740B619C5F}.Debug|Any CPU.ActiveCfg = Debug|Any CPU
		{550E6111-B49C-4976-975B-3A740B619C5F}.Debug|Any CPU.Build.0 = Debug|Any CPU
		{550E6111-B49C-4976-975B-3A740B619C5F}.Release|Any CPU.ActiveCfg = Release|Any CPU
		{550E6111-B49C-4976-975B-3A740B619C5F}.Release|Any CPU.Build.0 = Release|Any CPU
		{28813AE0-DB25-418A-AA38-DBAE10DD9D3D}.Debug|Any CPU.ActiveCfg = Debug|Any CPU
		{28813AE0-DB25-418A-AA38-DBAE10DD9D3D}.Debug|Any CPU.Build.0 = Debug|Any CPU
		{28813AE0-DB25-418A-AA38-DBAE10DD9D3D}.Release|Any CPU.ActiveCfg = Release|Any CPU
		{28813AE0-DB25-418A-AA38-DBAE10DD9D3D}.Release|Any CPU.Build.0 = Release|Any CPU
		{5129DB5F-A6FF-4AC3-8A35-9A53CA36926E}.Debug|Any CPU.ActiveCfg = Debug|Any CPU
		{5129DB5F-A6FF-4AC3-8A35-9A53CA36926E}.Debug|Any CPU.Build.0 = Debug|Any CPU
		{5129DB5F-A6FF-4AC3-8A35-9A53CA36926E}.Release|Any CPU.ActiveCfg = Release|Any CPU
		{5129DB5F-A6FF-4AC3-8A35-9A53CA36926E}.Release|Any CPU.Build.0 = Release|Any CPU
		{EA411FF5-8749-4102-8332-07FE47132F48}.Debug|Any CPU.ActiveCfg = Debug|Any CPU
		{EA411FF5-8749-4102-8332-07FE47132F48}.Debug|Any CPU.Build.0 = Debug|Any CPU
		{EA411FF5-8749-4102-8332-07FE47132F48}.Release|Any CPU.ActiveCfg = Release|Any CPU
		{EA411FF5-8749-4102-8332-07FE47132F48}.Release|Any CPU.Build.0 = Release|Any CPU
	EndGlobalSection
	GlobalSection(SolutionProperties) = preSolution
		HideSolutionNode = FALSE
	EndGlobalSection
	GlobalSection(ExtensibilityGlobals) = postSolution
		SolutionGuid = {A4BF8760-663E-46DC-8AC6-9976F9CE85FE}
	EndGlobalSection
EndGlobal
